[[package]]
name = "arg-services"
version = "0.3.8"
description = "gRPC definitions for microservice-based argumentation machines"
category = "main"
optional = false
python-versions = ">=3.8,<4.0"

[package.dependencies]
grpcio = ">=1.46.3,<2.0.0"
grpcio-reflection = ">=1.46.3,<2.0.0"
protobuf = ">=4.21.1,<5.0.0"

[[package]]
name = "arguebuf"
version = "1.0.3"
description = "A library for loading argument graphs in various formats (e.g., AIF)."
category = "main"
optional = false
python-versions = ">=3.8,<4.0"

[package.dependencies]
arg-services = ">=0.3.8,<0.4.0"
graphviz = ">=0.20,<0.21"
lxml = ">=4.9.0,<5.0.0"
networkx = ">=2.8.4,<3.0.0"
pendulum = ">=2.1.2,<3.0.0"

[package.extras]
docs = ["autodocsumm (>=0.2.8,<0.3.0)", "sphinx-autoapi (>=1.8.4,<2.0.0)", "myst-parser (>=0.18.0,<0.19.0)", "furo (>=2022.6.4.1,<2023.0.0.0)", "sphinx (>=4.5.0,<5.0.0)"]

[[package]]
name = "certifi"
version = "2022.6.15"
description = "Python package for providing Mozilla's CA Bundle."
category = "main"
optional = false
python-versions = ">=3.6"

[[package]]
name = "charset-normalizer"
version = "2.1.0"
description = "The Real First Universal Charset Detector. Open, modern and actively maintained alternative to Chardet."
category = "main"
optional = false
python-versions = ">=3.6.0"

[package.extras]
unicode_backport = ["unicodedata2"]

[[package]]
name = "click"
version = "8.1.3"
description = "Composable command line interface toolkit"
category = "main"
optional = false
python-versions = ">=3.7"

[package.dependencies]
colorama = {version = "*", markers = "platform_system == \"Windows\""}

[[package]]
name = "colorama"
version = "0.4.5"
description = "Cross-platform colored terminal text."
category = "main"
optional = false
python-versions = ">=2.7, !=3.0.*, !=3.1.*, !=3.2.*, !=3.3.*, !=3.4.*"

[[package]]
name = "commonmark"
version = "0.9.1"
description = "Python parser for the CommonMark Markdown spec"
category = "main"
optional = false
python-versions = "*"

[package.extras]
test = ["hypothesis (==3.55.3)", "flake8 (==3.7.8)"]

[[package]]
name = "deepl-pro"
version = "0.1.4"
description = "A wrapper for the DeepL Pro API."
category = "main"
optional = false
python-versions = ">=3.7,<4.0"

[package.dependencies]
requests = ">=2.22,<3.0"

[[package]]
name = "graphviz"
version = "0.20.1"
description = "Simple Python interface for Graphviz"
category = "main"
optional = false
python-versions = ">=3.7"

[package.extras]
dev = ["tox (>=3)", "flake8", "pep8-naming", "wheel", "twine"]
docs = ["sphinx (>=5)", "sphinx-autodoc-typehints", "sphinx-rtd-theme"]
test = ["pytest (>=7)", "pytest-mock (>=3)", "mock (>=4)", "pytest-cov", "coverage"]

[[package]]
name = "grpcio"
version = "1.48.0"
description = "HTTP/2-based RPC framework"
category = "main"
optional = false
python-versions = ">=3.6"

[package.dependencies]
six = ">=1.5.2"

[package.extras]
protobuf = ["grpcio-tools (>=1.48.0)"]

[[package]]
name = "grpcio-reflection"
version = "1.48.0"
description = "Standard Protobuf Reflection Service for gRPC"
category = "main"
optional = false
python-versions = ">=3.6"

[package.dependencies]
grpcio = ">=1.48.0"
protobuf = ">=3.12.0"

[[package]]
name = "idna"
version = "3.3"
description = "Internationalized Domain Names in Applications (IDNA)"
category = "main"
optional = false
python-versions = ">=3.5"

[[package]]
name = "lxml"
version = "4.9.1"
description = "Powerful and Pythonic XML processing library combining libxml2/libxslt with the ElementTree API."
category = "main"
optional = false
python-versions = ">=2.7, !=3.0.*, !=3.1.*, !=3.2.*, !=3.3.*, != 3.4.*"

[package.extras]
cssselect = ["cssselect (>=0.7)"]
html5 = ["html5lib"]
htmlsoup = ["beautifulsoup4"]
source = ["Cython (>=0.29.7)"]

[[package]]
name = "networkx"
version = "2.8.5"
description = "Python package for creating and manipulating graphs and networks"
category = "main"
optional = false
python-versions = ">=3.8"

[package.extras]
default = ["numpy (>=1.19)", "scipy (>=1.8)", "matplotlib (>=3.4)", "pandas (>=1.3)"]
developer = ["pre-commit (>=2.19)", "mypy (>=0.960)"]
doc = ["sphinx (>=5)", "pydata-sphinx-theme (>=0.9)", "sphinx-gallery (>=0.10)", "numpydoc (>=1.4)", "pillow (>=9.1)", "nb2plots (>=0.6)", "texext (>=0.6.6)"]
extra = ["lxml (>=4.6)", "pygraphviz (>=1.9)", "pydot (>=1.4.2)", "sympy (>=1.10)"]
test = ["pytest (>=7.1)", "pytest-cov (>=3.0)", "codecov (>=2.1)"]

[[package]]
name = "pendulum"
version = "2.1.2"
description = "Python datetimes made easy"
category = "main"
optional = false
python-versions = ">=2.7, !=3.0.*, !=3.1.*, !=3.2.*, !=3.3.*, !=3.4.*"

[package.dependencies]
python-dateutil = ">=2.6,<3.0"
pytzdata = ">=2020.1"

[[package]]
name = "protobuf"
version = "4.21.4"
description = ""
category = "main"
optional = false
python-versions = ">=3.7"

[[package]]
name = "pygments"
version = "2.12.0"
description = "Pygments is a syntax highlighting package written in Python."
category = "main"
optional = false
python-versions = ">=3.6"

[[package]]
name = "python-dateutil"
version = "2.8.2"
description = "Extensions to the standard Python datetime module"
category = "main"
optional = false
python-versions = "!=3.0.*,!=3.1.*,!=3.2.*,>=2.7"

[package.dependencies]
six = ">=1.5"

[[package]]
name = "pytzdata"
version = "2020.1"
description = "The Olson timezone database for Python."
category = "main"
optional = false
python-versions = ">=2.7, !=3.0.*, !=3.1.*, !=3.2.*, !=3.3.*"

[[package]]
name = "requests"
version = "2.28.1"
description = "Python HTTP for Humans."
category = "main"
optional = false
python-versions = ">=3.7, <4"

[package.dependencies]
certifi = ">=2017.4.17"
charset-normalizer = ">=2,<3"
idna = ">=2.5,<4"
urllib3 = ">=1.21.1,<1.27"

[package.extras]
socks = ["PySocks (>=1.5.6,!=1.5.7)"]
use_chardet_on_py3 = ["chardet (>=3.0.2,<6)"]

[[package]]
name = "rich"
version = "12.5.1"
description = "Render rich text, tables, progress bars, syntax highlighting, markdown and more to the terminal"
category = "main"
optional = false
python-versions = ">=3.6.3,<4.0.0"

[package.dependencies]
commonmark = ">=0.9.0,<0.10.0"
pygments = ">=2.6.0,<3.0.0"
typing-extensions = {version = ">=4.0.0,<5.0", markers = "python_version < \"3.9\""}

[package.extras]
jupyter = ["ipywidgets (>=7.5.1,<8.0.0)"]

[[package]]
name = "shellingham"
version = "1.4.0"
description = "Tool to Detect Surrounding Shell"
category = "main"
optional = false
python-versions = "!=3.0,!=3.1,!=3.2,!=3.3,>=2.6"

[[package]]
name = "six"
version = "1.16.0"
description = "Python 2 and 3 compatibility utilities"
category = "main"
optional = false
python-versions = ">=2.7, !=3.0.*, !=3.1.*, !=3.2.*"

[[package]]
name = "typer"
version = "0.6.1"
description = "Typer, build great CLIs. Easy to code. Based on Python type hints."
category = "main"
optional = false
python-versions = ">=3.6"

[package.dependencies]
click = ">=7.1.1,<9.0.0"
colorama = {version = ">=0.4.3,<0.5.0", optional = true, markers = "extra == \"all\""}
rich = {version = ">=10.11.0,<13.0.0", optional = true, markers = "extra == \"all\""}
shellingham = {version = ">=1.3.0,<2.0.0", optional = true, markers = "extra == \"all\""}

[package.extras]
test = ["rich (>=10.11.0,<13.0.0)", "isort (>=5.0.6,<6.0.0)", "black (>=22.3.0,<23.0.0)", "mypy (==0.910)", "pytest-sugar (>=0.9.4,<0.10.0)", "pytest-xdist (>=1.32.0,<2.0.0)", "coverage (>=5.2,<6.0)", "pytest-cov (>=2.10.0,<3.0.0)", "pytest (>=4.4.0,<5.4.0)", "shellingham (>=1.3.0,<2.0.0)"]
doc = ["mdx-include (>=1.4.1,<2.0.0)", "mkdocs-material (>=8.1.4,<9.0.0)", "mkdocs (>=1.1.2,<2.0.0)"]
dev = ["pre-commit (>=2.17.0,<3.0.0)", "flake8 (>=3.8.3,<4.0.0)", "autoflake (>=1.3.1,<2.0.0)"]
all = ["rich (>=10.11.0,<13.0.0)", "shellingham (>=1.3.0,<2.0.0)", "colorama (>=0.4.3,<0.5.0)"]

[[package]]
name = "typing-extensions"
version = "4.3.0"
description = "Backported and Experimental Type Hints for Python 3.7+"
category = "main"
optional = false
python-versions = ">=3.7"

[[package]]
name = "urllib3"
version = "1.26.11"
description = "HTTP library with thread-safe connection pooling, file post, and more."
category = "main"
optional = false
python-versions = ">=2.7, !=3.0.*, !=3.1.*, !=3.2.*, !=3.3.*, !=3.4.*, !=3.5.*, <4"

[package.extras]
brotli = ["brotlicffi (>=0.8.0)", "brotli (>=1.0.9)", "brotlipy (>=0.6.0)"]
secure = ["pyOpenSSL (>=0.14)", "cryptography (>=1.3.4)", "idna (>=2.0.0)", "certifi", "ipaddress"]
socks = ["PySocks (>=1.5.6,!=1.5.7,<2.0)"]

[metadata]
lock-version = "1.1"
python-versions = "^3.8"
content-hash = "6c78adf45c30be8516c5917d8fcf16eede8b52d4a90f8a5c79d16042181aaf0b"

[metadata.files]
arg-services = [
    {file = "arg-services-0.3.8.tar.gz", hash = "sha256:71e441b5bb99c0ef6e9640e49a1e6f7f7bdd09450cb28df85cd1acdbec00ae83"},
    {file = "arg_services-0.3.8-py3-none-any.whl", hash = "sha256:ea1131eb04220e837cc5dcd478370418047019caf15baa207d1fe09550a4b3f8"},
]
arguebuf = [
    {file = "Arguebuf-1.0.3-py3-none-any.whl", hash = "sha256:2f2d94a9c6a2a8684f68705045db70a31c2371bb3bb6bb5417d19f1fc2bb1ef7"},
    {file = "Arguebuf-1.0.3.tar.gz", hash = "sha256:c53d238268f94f6380ca370a37ac52aff48497e93504392844a0d32db733f4ec"},
]
certifi = [
    {file = "certifi-2022.6.15-py3-none-any.whl", hash = "sha256:fe86415d55e84719d75f8b69414f6438ac3547d2078ab91b67e779ef69378412"},
    {file = "certifi-2022.6.15.tar.gz", hash = "sha256:84c85a9078b11105f04f3036a9482ae10e4621616db313fe045dd24743a0820d"},
]
charset-normalizer = [
    {file = "charset-normalizer-2.1.0.tar.gz", hash = "sha256:575e708016ff3a5e3681541cb9d79312c416835686d054a23accb873b254f413"},
    {file = "charset_normalizer-2.1.0-py3-none-any.whl", hash = "sha256:5189b6f22b01957427f35b6a08d9a0bc45b46d3788ef5a92e978433c7a35f8a5"},
]
click = [
    {file = "click-8.1.3-py3-none-any.whl", hash = "sha256:bb4d8133cb15a609f44e8213d9b391b0809795062913b383c62be0ee95b1db48"},
    {file = "click-8.1.3.tar.gz", hash = "sha256:7682dc8afb30297001674575ea00d1814d808d6a36af415a82bd481d37ba7b8e"},
]
colorama = [
    {file = "colorama-0.4.5-py2.py3-none-any.whl", hash = "sha256:854bf444933e37f5824ae7bfc1e98d5bce2ebe4160d46b5edf346a89358e99da"},
    {file = "colorama-0.4.5.tar.gz", hash = "sha256:e6c6b4334fc50988a639d9b98aa429a0b57da6e17b9a44f0451f930b6967b7a4"},
]
commonmark = [
    {file = "commonmark-0.9.1-py2.py3-none-any.whl", hash = "sha256:da2f38c92590f83de410ba1a3cbceafbc74fee9def35f9251ba9a971d6d66fd9"},
    {file = "commonmark-0.9.1.tar.gz", hash = "sha256:452f9dc859be7f06631ddcb328b6919c67984aca654e5fefb3914d54691aed60"},
]
deepl-pro = [
    {file = "DeepL-Pro-0.1.4.tar.gz", hash = "sha256:dc6c5888d5efaf9ddd0440f813fd3b23f691cd3591336100980cddbf66f186ed"},
    {file = "DeepL_Pro-0.1.4-py3-none-any.whl", hash = "sha256:a958f39687c47bdc2288c274568b3f389340ca428444fe66ca64348f39b61da4"},
]
graphviz = [
    {file = "graphviz-0.20.1-py3-none-any.whl", hash = "sha256:587c58a223b51611c0cf461132da386edd896a029524ca61a1462b880bf97977"},
    {file = "graphviz-0.20.1.zip", hash = "sha256:8c58f14adaa3b947daf26c19bc1e98c4e0702cdc31cf99153e6f06904d492bf8"},
]
grpcio = [
    {file = "grpcio-1.48.0-cp310-cp310-linux_armv7l.whl", hash = "sha256:4a049a032144641ed5d073535c0dc69eb6029187cc729a66946c86dcc8eec3a1"},
    {file = "grpcio-1.48.0-cp310-cp310-macosx_10_10_x86_64.whl", hash = "sha256:f8bc76f5cd95f5476e5285fe5d3704a9332586a569fbbccef551b0b6f7a270f9"},
    {file = "grpcio-1.48.0-cp310-cp310-manylinux_2_17_aarch64.whl", hash = "sha256:448d397fe88e9fef8170f019b86abdc4d554ae311aaf4dbff1532fde227d3308"},
    {file = "grpcio-1.48.0-cp310-cp310-manylinux_2_17_i686.manylinux2014_i686.whl", hash = "sha256:8f9b6b6f7c83869d2316c5d13f953381881a16741275a34ec5ed5762f11b206e"},
    {file = "grpcio-1.48.0-cp310-cp310-manylinux_2_17_x86_64.manylinux2014_x86_64.whl", hash = "sha256:5bd8541c4b6b43c9024496d30b4a12346325d3a17a1f3c80ad8924caed1e35c3"},
    {file = "grpcio-1.48.0-cp310-cp310-musllinux_1_1_i686.whl", hash = "sha256:877d33aeba05ae0b9e81761a694914ed33613f655c35f6bbcf4ebbcb984e0167"},
    {file = "grpcio-1.48.0-cp310-cp310-musllinux_1_1_x86_64.whl", hash = "sha256:cd01a8201fd8ab2ce496f7e65975da1f1e629eac8eea84ead0fd77e32e4350cd"},
    {file = "grpcio-1.48.0-cp310-cp310-win32.whl", hash = "sha256:0388da923dff58ba7f711233e41c2b749b5817b8e0f137a107672d9c15a1009c"},
    {file = "grpcio-1.48.0-cp310-cp310-win_amd64.whl", hash = "sha256:8dcffdb8921fd88857ae350fd579277a5f9315351e89ed9094ef28927a46d40d"},
    {file = "grpcio-1.48.0-cp36-cp36m-linux_armv7l.whl", hash = "sha256:2138c50331232f56178c2b36dcfa6ad67aad705fe410955f3b2a53d722191b89"},
    {file = "grpcio-1.48.0-cp36-cp36m-macosx_10_10_x86_64.whl", hash = "sha256:af2d80f142da2a6af45204a5ca2374e2747af07a99de54a1164111e169a761ff"},
    {file = "grpcio-1.48.0-cp36-cp36m-manylinux_2_17_aarch64.whl", hash = "sha256:59284bd4cdf47c147c26d91aca693765318d524328f6ece2a1a0b85a12a362af"},
    {file = "grpcio-1.48.0-cp36-cp36m-manylinux_2_17_i686.manylinux2014_i686.whl", hash = "sha256:cc3ebfe356c0c6750379cd194bf2b7e5d1d2f29db1832358f05a73e9290db98c"},
    {file = "grpcio-1.48.0-cp36-cp36m-manylinux_2_17_x86_64.manylinux2014_x86_64.whl", hash = "sha256:dc2619a31339e1c53731f54761f1a2cb865d3421f690e00ef3e92f90d2a0c5ae"},
    {file = "grpcio-1.48.0-cp36-cp36m-musllinux_1_1_i686.whl", hash = "sha256:7df637405de328a54c1c8c08a3206f974c7a577730f90644af4c3400b7bfde2d"},
    {file = "grpcio-1.48.0-cp36-cp36m-musllinux_1_1_x86_64.whl", hash = "sha256:9e73b95969a579798bfbeb85d376695cce5172357fb52e450467ceb8e7365152"},
    {file = "grpcio-1.48.0-cp36-cp36m-win32.whl", hash = "sha256:059e9d58b5aba7fb9eabe3a4d2ac49e1dcbc2b54b0f166f6475e40b7f4435343"},
    {file = "grpcio-1.48.0-cp36-cp36m-win_amd64.whl", hash = "sha256:7cebcf645170f0c82ef71769544f9ac4515993a4d367f5900aba2eb4ecd2a32f"},
    {file = "grpcio-1.48.0-cp37-cp37m-linux_armv7l.whl", hash = "sha256:8af3a8845df35b838104d6fb1ae7f4969d248cf037fa2794916d31e917346f72"},
    {file = "grpcio-1.48.0-cp37-cp37m-macosx_10_10_x86_64.whl", hash = "sha256:a1ef40975ec9ced6c17ce7fbec9825823da782fa606f0b92392646ff3886f198"},
    {file = "grpcio-1.48.0-cp37-cp37m-manylinux_2_17_aarch64.whl", hash = "sha256:7cccbf6db31f2a78e1909047ff69620f94a4e6e53251858e9502fbbff5714b48"},
    {file = "grpcio-1.48.0-cp37-cp37m-manylinux_2_17_i686.manylinux2014_i686.whl", hash = "sha256:1f3f142579f58def64c0850f0bb0eb1b425ae885f5669dda5b73ade64ad2b753"},
    {file = "grpcio-1.48.0-cp37-cp37m-manylinux_2_17_x86_64.manylinux2014_x86_64.whl", hash = "sha256:656c6f6f7b815bca3054780b8cdfa1e4e37cd36c887a48558d00c2cf85f31697"},
    {file = "grpcio-1.48.0-cp37-cp37m-musllinux_1_1_i686.whl", hash = "sha256:cba4538e8a2ef123ea570e7b1d62162e158963c2471e35d79eb9690c971a10c0"},
    {file = "grpcio-1.48.0-cp37-cp37m-musllinux_1_1_x86_64.whl", hash = "sha256:9daa67820fafceec6194ed1686c1783816e62d6756ff301ba93e682948836846"},
    {file = "grpcio-1.48.0-cp37-cp37m-win32.whl", hash = "sha256:7ec264a7fb413e0c804a7a48a6f7d7212742955a60724c44d793da35a8f30873"},
    {file = "grpcio-1.48.0-cp37-cp37m-win_amd64.whl", hash = "sha256:a2b1b33b92359388b8164807313dcbb3317101b038a5d54342982560329d958f"},
    {file = "grpcio-1.48.0-cp38-cp38-linux_armv7l.whl", hash = "sha256:7b820696a5ce7b98f459f234698cb323f89b355373789188efa126d7f47a2a92"},
    {file = "grpcio-1.48.0-cp38-cp38-macosx_10_10_x86_64.whl", hash = "sha256:e4dfae66ebc165c46c5b7048eb554472ee72fbaab2c2c2da7f9b1621c81e077c"},
    {file = "grpcio-1.48.0-cp38-cp38-manylinux_2_17_aarch64.whl", hash = "sha256:f7115038edce33b494e0138b0bd31a2eb6595d45e2eed23be46bc32886feb741"},
    {file = "grpcio-1.48.0-cp38-cp38-manylinux_2_17_i686.manylinux2014_i686.whl", hash = "sha256:b4e996282238943ca114628255be61980e38b25f73a08ae2ffd02b63eaf70d3a"},
    {file = "grpcio-1.48.0-cp38-cp38-manylinux_2_17_x86_64.manylinux2014_x86_64.whl", hash = "sha256:13dad31f5155fa555d393511cc8108c41b1b5b54dc4c24c27d4694ddd7a78fad"},
    {file = "grpcio-1.48.0-cp38-cp38-musllinux_1_1_i686.whl", hash = "sha256:c84b9d90b2641963de98b35bb7a2a51f78119fe5bd00ef27246ba9f4f0835e36"},
    {file = "grpcio-1.48.0-cp38-cp38-musllinux_1_1_x86_64.whl", hash = "sha256:41b65166779d7dafac4c98380ac19f690f1c5fe18083a71d370df87b24dd30ff"},
    {file = "grpcio-1.48.0-cp38-cp38-win32.whl", hash = "sha256:b890e5f5fbc21cb994894f73ecb2faaa66697d8debcb228a5adb0622b9bec3b2"},
    {file = "grpcio-1.48.0-cp38-cp38-win_amd64.whl", hash = "sha256:5fe3af539d2f50891ed93aed3064ffbcc38bf848aa3f7ed1fbedcce139c57302"},
    {file = "grpcio-1.48.0-cp39-cp39-linux_armv7l.whl", hash = "sha256:a4ed57f4e3d91259551e6765782b22d9e8b8178fec43ebf8e1b2c392c4ced37b"},
    {file = "grpcio-1.48.0-cp39-cp39-macosx_10_10_x86_64.whl", hash = "sha256:60843d8184e171886dd7a93d6672e2ef0b08dfd4f88da7421c10b46b6e031ac4"},
    {file = "grpcio-1.48.0-cp39-cp39-manylinux_2_17_aarch64.whl", hash = "sha256:0ecba22f25ccde2442be7e7dd7fa746905d628f03312b4a0c9961f0d99771f53"},
    {file = "grpcio-1.48.0-cp39-cp39-manylinux_2_17_i686.manylinux2014_i686.whl", hash = "sha256:34f5917f0c49a04633dc12d483c8aee6f6d9f69133b700214d3703f72a72f501"},
    {file = "grpcio-1.48.0-cp39-cp39-manylinux_2_17_x86_64.manylinux2014_x86_64.whl", hash = "sha256:f4c4ad8ad7e2cf3a272cbc96734d56635e6543939022f17e0c4487f7d2a45bf9"},
    {file = "grpcio-1.48.0-cp39-cp39-musllinux_1_1_i686.whl", hash = "sha256:111fb2f5f4a069f331ae23106145fd16dd4e1112ca223858a922068614dac6d2"},
    {file = "grpcio-1.48.0-cp39-cp39-musllinux_1_1_x86_64.whl", hash = "sha256:beb0573daa49889efcfea0a6e995b4f39d481aa1b94e1257617406ef417b56a6"},
    {file = "grpcio-1.48.0-cp39-cp39-win32.whl", hash = "sha256:ce70254a082cb767217b2fdee374cc79199d338d46140753438cd6d67c609b2f"},
    {file = "grpcio-1.48.0-cp39-cp39-win_amd64.whl", hash = "sha256:ae3fd135666448058fe277d93c10e0f18345fbcbb015c4642de2fa3db6f0c205"},
    {file = "grpcio-1.48.0.tar.gz", hash = "sha256:eaf4bb73819863440727195411ab3b5c304f6663625e66f348e91ebe0a039306"},
]
grpcio-reflection = [
    {file = "grpcio-reflection-1.48.0.tar.gz", hash = "sha256:17117018a8062c2423ef6fd683ae71dad90d5e397ed46cb8e1f539715f203432"},
    {file = "grpcio_reflection-1.48.0-py3-none-any.whl", hash = "sha256:2e191ee6f50d5b73894e75a692420b40342c3fdf839406c0279e3ccd9fb5fd1b"},
]
idna = [
    {file = "idna-3.3-py3-none-any.whl", hash = "sha256:84d9dd047ffa80596e0f246e2eab0b391788b0503584e8945f2368256d2735ff"},
    {file = "idna-3.3.tar.gz", hash = "sha256:9d643ff0a55b762d5cdb124b8eaa99c66322e2157b69160bc32796e824360e6d"},
]
lxml = [
    {file = "lxml-4.9.1-cp27-cp27m-macosx_10_15_x86_64.whl", hash = "sha256:98cafc618614d72b02185ac583c6f7796202062c41d2eeecdf07820bad3295ed"},
    {file = "lxml-4.9.1-cp27-cp27m-manylinux_2_5_i686.manylinux1_i686.whl", hash = "sha256:c62e8dd9754b7debda0c5ba59d34509c4688f853588d75b53c3791983faa96fc"},
    {file = "lxml-4.9.1-cp27-cp27m-manylinux_2_5_x86_64.manylinux1_x86_64.whl", hash = "sha256:21fb3d24ab430fc538a96e9fbb9b150029914805d551deeac7d7822f64631dfc"},
    {file = "lxml-4.9.1-cp27-cp27m-win32.whl", hash = "sha256:86e92728ef3fc842c50a5cb1d5ba2bc66db7da08a7af53fb3da79e202d1b2cd3"},
    {file = "lxml-4.9.1-cp27-cp27m-win_amd64.whl", hash = "sha256:4cfbe42c686f33944e12f45a27d25a492cc0e43e1dc1da5d6a87cbcaf2e95627"},
    {file = "lxml-4.9.1-cp27-cp27mu-manylinux_2_5_i686.manylinux1_i686.whl", hash = "sha256:dad7b164905d3e534883281c050180afcf1e230c3d4a54e8038aa5cfcf312b84"},
    {file = "lxml-4.9.1-cp27-cp27mu-manylinux_2_5_x86_64.manylinux1_x86_64.whl", hash = "sha256:a614e4afed58c14254e67862456d212c4dcceebab2eaa44d627c2ca04bf86837"},
    {file = "lxml-4.9.1-cp310-cp310-manylinux_2_12_i686.manylinux2010_i686.manylinux_2_24_i686.whl", hash = "sha256:f9ced82717c7ec65a67667bb05865ffe38af0e835cdd78728f1209c8fffe0cad"},
    {file = "lxml-4.9.1-cp310-cp310-manylinux_2_17_aarch64.manylinux2014_aarch64.manylinux_2_24_aarch64.whl", hash = "sha256:d9fc0bf3ff86c17348dfc5d322f627d78273eba545db865c3cd14b3f19e57fa5"},
    {file = "lxml-4.9.1-cp310-cp310-manylinux_2_17_x86_64.manylinux2014_x86_64.manylinux_2_24_x86_64.whl", hash = "sha256:e5f66bdf0976ec667fc4594d2812a00b07ed14d1b44259d19a41ae3fff99f2b8"},
    {file = "lxml-4.9.1-cp310-cp310-musllinux_1_1_aarch64.whl", hash = "sha256:fe17d10b97fdf58155f858606bddb4e037b805a60ae023c009f760d8361a4eb8"},
    {file = "lxml-4.9.1-cp310-cp310-musllinux_1_1_x86_64.whl", hash = "sha256:8caf4d16b31961e964c62194ea3e26a0e9561cdf72eecb1781458b67ec83423d"},
    {file = "lxml-4.9.1-cp310-cp310-win32.whl", hash = "sha256:4780677767dd52b99f0af1f123bc2c22873d30b474aa0e2fc3fe5e02217687c7"},
    {file = "lxml-4.9.1-cp310-cp310-win_amd64.whl", hash = "sha256:b122a188cd292c4d2fcd78d04f863b789ef43aa129b233d7c9004de08693728b"},
    {file = "lxml-4.9.1-cp311-cp311-manylinux_2_12_i686.manylinux2010_i686.manylinux_2_24_i686.whl", hash = "sha256:be9eb06489bc975c38706902cbc6888f39e946b81383abc2838d186f0e8b6a9d"},
    {file = "lxml-4.9.1-cp311-cp311-manylinux_2_17_x86_64.manylinux2014_x86_64.manylinux_2_24_x86_64.whl", hash = "sha256:f1be258c4d3dc609e654a1dc59d37b17d7fef05df912c01fc2e15eb43a9735f3"},
    {file = "lxml-4.9.1-cp311-cp311-musllinux_1_1_x86_64.whl", hash = "sha256:927a9dd016d6033bc12e0bf5dee1dde140235fc8d0d51099353c76081c03dc29"},
    {file = "lxml-4.9.1-cp35-cp35m-manylinux_2_5_i686.manylinux1_i686.whl", hash = "sha256:9232b09f5efee6a495a99ae6824881940d6447debe272ea400c02e3b68aad85d"},
    {file = "lxml-4.9.1-cp35-cp35m-manylinux_2_5_x86_64.manylinux1_x86_64.whl", hash = "sha256:04da965dfebb5dac2619cb90fcf93efdb35b3c6994fea58a157a834f2f94b318"},
    {file = "lxml-4.9.1-cp35-cp35m-win32.whl", hash = "sha256:4d5bae0a37af799207140652a700f21a85946f107a199bcb06720b13a4f1f0b7"},
    {file = "lxml-4.9.1-cp35-cp35m-win_amd64.whl", hash = "sha256:4878e667ebabe9b65e785ac8da4d48886fe81193a84bbe49f12acff8f7a383a4"},
    {file = "lxml-4.9.1-cp36-cp36m-macosx_10_15_x86_64.whl", hash = "sha256:1355755b62c28950f9ce123c7a41460ed9743c699905cbe664a5bcc5c9c7c7fb"},
    {file = "lxml-4.9.1-cp36-cp36m-manylinux_2_12_i686.manylinux2010_i686.manylinux_2_24_i686.whl", hash = "sha256:bcaa1c495ce623966d9fc8a187da80082334236a2a1c7e141763ffaf7a405067"},
    {file = "lxml-4.9.1-cp36-cp36m-manylinux_2_17_aarch64.manylinux2014_aarch64.whl", hash = "sha256:6eafc048ea3f1b3c136c71a86db393be36b5b3d9c87b1c25204e7d397cee9536"},
    {file = "lxml-4.9.1-cp36-cp36m-manylinux_2_17_x86_64.manylinux2014_x86_64.manylinux_2_24_x86_64.whl", hash = "sha256:13c90064b224e10c14dcdf8086688d3f0e612db53766e7478d7754703295c7c8"},
    {file = "lxml-4.9.1-cp36-cp36m-manylinux_2_5_i686.manylinux1_i686.whl", hash = "sha256:206a51077773c6c5d2ce1991327cda719063a47adc02bd703c56a662cdb6c58b"},
    {file = "lxml-4.9.1-cp36-cp36m-manylinux_2_5_x86_64.manylinux1_x86_64.whl", hash = "sha256:e8f0c9d65da595cfe91713bc1222af9ecabd37971762cb830dea2fc3b3bb2acf"},
    {file = "lxml-4.9.1-cp36-cp36m-musllinux_1_1_aarch64.whl", hash = "sha256:8f0a4d179c9a941eb80c3a63cdb495e539e064f8054230844dcf2fcb812b71d3"},
    {file = "lxml-4.9.1-cp36-cp36m-musllinux_1_1_x86_64.whl", hash = "sha256:830c88747dce8a3e7525defa68afd742b4580df6aa2fdd6f0855481e3994d391"},
    {file = "lxml-4.9.1-cp36-cp36m-win32.whl", hash = "sha256:1e1cf47774373777936c5aabad489fef7b1c087dcd1f426b621fda9dcc12994e"},
    {file = "lxml-4.9.1-cp36-cp36m-win_amd64.whl", hash = "sha256:5974895115737a74a00b321e339b9c3f45c20275d226398ae79ac008d908bff7"},
    {file = "lxml-4.9.1-cp37-cp37m-macosx_10_15_x86_64.whl", hash = "sha256:1423631e3d51008871299525b541413c9b6c6423593e89f9c4cfbe8460afc0a2"},
    {file = "lxml-4.9.1-cp37-cp37m-manylinux_2_12_i686.manylinux2010_i686.manylinux_2_24_i686.whl", hash = "sha256:2aaf6a0a6465d39b5ca69688fce82d20088c1838534982996ec46633dc7ad6cc"},
    {file = "lxml-4.9.1-cp37-cp37m-manylinux_2_17_aarch64.manylinux2014_aarch64.manylinux_2_24_aarch64.whl", hash = "sha256:9f36de4cd0c262dd9927886cc2305aa3f2210db437aa4fed3fb4940b8bf4592c"},
    {file = "lxml-4.9.1-cp37-cp37m-manylinux_2_17_x86_64.manylinux2014_x86_64.manylinux_2_24_x86_64.whl", hash = "sha256:ae06c1e4bc60ee076292e582a7512f304abdf6c70db59b56745cca1684f875a4"},
    {file = "lxml-4.9.1-cp37-cp37m-manylinux_2_5_i686.manylinux1_i686.whl", hash = "sha256:57e4d637258703d14171b54203fd6822fda218c6c2658a7d30816b10995f29f3"},
    {file = "lxml-4.9.1-cp37-cp37m-manylinux_2_5_x86_64.manylinux1_x86_64.whl", hash = "sha256:6d279033bf614953c3fc4a0aa9ac33a21e8044ca72d4fa8b9273fe75359d5cca"},
    {file = "lxml-4.9.1-cp37-cp37m-musllinux_1_1_aarch64.whl", hash = "sha256:a60f90bba4c37962cbf210f0188ecca87daafdf60271f4c6948606e4dabf8785"},
    {file = "lxml-4.9.1-cp37-cp37m-musllinux_1_1_x86_64.whl", hash = "sha256:6ca2264f341dd81e41f3fffecec6e446aa2121e0b8d026fb5130e02de1402785"},
    {file = "lxml-4.9.1-cp37-cp37m-win32.whl", hash = "sha256:27e590352c76156f50f538dbcebd1925317a0f70540f7dc8c97d2931c595783a"},
    {file = "lxml-4.9.1-cp37-cp37m-win_amd64.whl", hash = "sha256:eea5d6443b093e1545ad0210e6cf27f920482bfcf5c77cdc8596aec73523bb7e"},
    {file = "lxml-4.9.1-cp38-cp38-macosx_10_15_x86_64.whl", hash = "sha256:f05251bbc2145349b8d0b77c0d4e5f3b228418807b1ee27cefb11f69ed3d233b"},
    {file = "lxml-4.9.1-cp38-cp38-manylinux_2_12_i686.manylinux2010_i686.manylinux_2_24_i686.whl", hash = "sha256:487c8e61d7acc50b8be82bda8c8d21d20e133c3cbf41bd8ad7eb1aaeb3f07c97"},
    {file = "lxml-4.9.1-cp38-cp38-manylinux_2_17_aarch64.manylinux2014_aarch64.manylinux_2_24_aarch64.whl", hash = "sha256:8d1a92d8e90b286d491e5626af53afef2ba04da33e82e30744795c71880eaa21"},
    {file = "lxml-4.9.1-cp38-cp38-manylinux_2_17_x86_64.manylinux2014_x86_64.manylinux_2_24_x86_64.whl", hash = "sha256:b570da8cd0012f4af9fa76a5635cd31f707473e65a5a335b186069d5c7121ff2"},
    {file = "lxml-4.9.1-cp38-cp38-manylinux_2_5_i686.manylinux1_i686.whl", hash = "sha256:5ef87fca280fb15342726bd5f980f6faf8b84a5287fcc2d4962ea8af88b35130"},
    {file = "lxml-4.9.1-cp38-cp38-manylinux_2_5_x86_64.manylinux1_x86_64.whl", hash = "sha256:93e414e3206779ef41e5ff2448067213febf260ba747fc65389a3ddaa3fb8715"},
    {file = "lxml-4.9.1-cp38-cp38-musllinux_1_1_aarch64.whl", hash = "sha256:6653071f4f9bac46fbc30f3c7838b0e9063ee335908c5d61fb7a4a86c8fd2036"},
    {file = "lxml-4.9.1-cp38-cp38-musllinux_1_1_x86_64.whl", hash = "sha256:32a73c53783becdb7eaf75a2a1525ea8e49379fb7248c3eeefb9412123536387"},
    {file = "lxml-4.9.1-cp38-cp38-win32.whl", hash = "sha256:1a7c59c6ffd6ef5db362b798f350e24ab2cfa5700d53ac6681918f314a4d3b94"},
    {file = "lxml-4.9.1-cp38-cp38-win_amd64.whl", hash = "sha256:1436cf0063bba7888e43f1ba8d58824f085410ea2025befe81150aceb123e345"},
    {file = "lxml-4.9.1-cp39-cp39-macosx_10_15_x86_64.whl", hash = "sha256:4beea0f31491bc086991b97517b9683e5cfb369205dac0148ef685ac12a20a67"},
    {file = "lxml-4.9.1-cp39-cp39-manylinux_2_12_i686.manylinux2010_i686.manylinux_2_24_i686.whl", hash = "sha256:41fb58868b816c202e8881fd0f179a4644ce6e7cbbb248ef0283a34b73ec73bb"},
    {file = "lxml-4.9.1-cp39-cp39-manylinux_2_17_aarch64.manylinux2014_aarch64.manylinux_2_24_aarch64.whl", hash = "sha256:bd34f6d1810d9354dc7e35158aa6cc33456be7706df4420819af6ed966e85448"},
    {file = "lxml-4.9.1-cp39-cp39-manylinux_2_17_x86_64.manylinux2014_x86_64.manylinux_2_24_x86_64.whl", hash = "sha256:edffbe3c510d8f4bf8640e02ca019e48a9b72357318383ca60e3330c23aaffc7"},
    {file = "lxml-4.9.1-cp39-cp39-manylinux_2_5_i686.manylinux1_i686.whl", hash = "sha256:6d949f53ad4fc7cf02c44d6678e7ff05ec5f5552b235b9e136bd52e9bf730b91"},
    {file = "lxml-4.9.1-cp39-cp39-manylinux_2_5_x86_64.manylinux1_x86_64.whl", hash = "sha256:079b68f197c796e42aa80b1f739f058dcee796dc725cc9a1be0cdb08fc45b000"},
    {file = "lxml-4.9.1-cp39-cp39-musllinux_1_1_aarch64.whl", hash = "sha256:9c3a88d20e4fe4a2a4a84bf439a5ac9c9aba400b85244c63a1ab7088f85d9d25"},
    {file = "lxml-4.9.1-cp39-cp39-musllinux_1_1_x86_64.whl", hash = "sha256:4e285b5f2bf321fc0857b491b5028c5f276ec0c873b985d58d7748ece1d770dd"},
    {file = "lxml-4.9.1-cp39-cp39-win32.whl", hash = "sha256:ef72013e20dd5ba86a8ae1aed7f56f31d3374189aa8b433e7b12ad182c0d2dfb"},
    {file = "lxml-4.9.1-cp39-cp39-win_amd64.whl", hash = "sha256:10d2017f9150248563bb579cd0d07c61c58da85c922b780060dcc9a3aa9f432d"},
    {file = "lxml-4.9.1-pp37-pypy37_pp73-macosx_10_15_x86_64.whl", hash = "sha256:0538747a9d7827ce3e16a8fdd201a99e661c7dee3c96c885d8ecba3c35d1032c"},
    {file = "lxml-4.9.1-pp37-pypy37_pp73-manylinux_2_12_i686.manylinux2010_i686.manylinux_2_24_i686.whl", hash = "sha256:0645e934e940107e2fdbe7c5b6fb8ec6232444260752598bc4d09511bd056c0b"},
    {file = "lxml-4.9.1-pp37-pypy37_pp73-manylinux_2_17_x86_64.manylinux2014_x86_64.manylinux_2_24_x86_64.whl", hash = "sha256:6daa662aba22ef3258934105be2dd9afa5bb45748f4f702a3b39a5bf53a1f4dc"},
    {file = "lxml-4.9.1-pp38-pypy38_pp73-macosx_10_15_x86_64.whl", hash = "sha256:603a464c2e67d8a546ddaa206d98e3246e5db05594b97db844c2f0a1af37cf5b"},
    {file = "lxml-4.9.1-pp38-pypy38_pp73-manylinux_2_12_i686.manylinux2010_i686.manylinux_2_24_i686.whl", hash = "sha256:c4b2e0559b68455c085fb0f6178e9752c4be3bba104d6e881eb5573b399d1eb2"},
    {file = "lxml-4.9.1-pp38-pypy38_pp73-manylinux_2_17_x86_64.manylinux2014_x86_64.manylinux_2_24_x86_64.whl", hash = "sha256:0f3f0059891d3254c7b5fb935330d6db38d6519ecd238ca4fce93c234b4a0f73"},
    {file = "lxml-4.9.1-pp39-pypy39_pp73-manylinux_2_12_i686.manylinux2010_i686.manylinux_2_24_i686.whl", hash = "sha256:c852b1530083a620cb0de5f3cd6826f19862bafeaf77586f1aef326e49d95f0c"},
    {file = "lxml-4.9.1-pp39-pypy39_pp73-manylinux_2_17_x86_64.manylinux2014_x86_64.manylinux_2_24_x86_64.whl", hash = "sha256:287605bede6bd36e930577c5925fcea17cb30453d96a7b4c63c14a257118dbb9"},
    {file = "lxml-4.9.1.tar.gz", hash = "sha256:fe749b052bb7233fe5d072fcb549221a8cb1a16725c47c37e42b0b9cb3ff2c3f"},
]
networkx = [
    {file = "networkx-2.8.5-py3-none-any.whl", hash = "sha256:a762f4b385692d9c3a6f2912d058d76d29a827deaedf9e63ed14d397b8030687"},
    {file = "networkx-2.8.5.tar.gz", hash = "sha256:15a7b81a360791c458c55a417418ea136c13378cfdc06a2dcdc12bd2f9cf09c1"},
]
pendulum = [
    {file = "pendulum-2.1.2-cp27-cp27m-macosx_10_15_x86_64.whl", hash = "sha256:b6c352f4bd32dff1ea7066bd31ad0f71f8d8100b9ff709fb343f3b86cee43efe"},
    {file = "pendulum-2.1.2-cp27-cp27m-win_amd64.whl", hash = "sha256:318f72f62e8e23cd6660dbafe1e346950281a9aed144b5c596b2ddabc1d19739"},
    {file = "pendulum-2.1.2-cp35-cp35m-macosx_10_15_x86_64.whl", hash = "sha256:0731f0c661a3cb779d398803655494893c9f581f6488048b3fb629c2342b5394"},
    {file = "pendulum-2.1.2-cp35-cp35m-manylinux1_i686.whl", hash = "sha256:3481fad1dc3f6f6738bd575a951d3c15d4b4ce7c82dce37cf8ac1483fde6e8b0"},
    {file = "pendulum-2.1.2-cp35-cp35m-manylinux1_x86_64.whl", hash = "sha256:9702069c694306297ed362ce7e3c1ef8404ac8ede39f9b28b7c1a7ad8c3959e3"},
    {file = "pendulum-2.1.2-cp35-cp35m-win_amd64.whl", hash = "sha256:fb53ffa0085002ddd43b6ca61a7b34f2d4d7c3ed66f931fe599e1a531b42af9b"},
    {file = "pendulum-2.1.2-cp36-cp36m-macosx_10_15_x86_64.whl", hash = "sha256:c501749fdd3d6f9e726086bf0cd4437281ed47e7bca132ddb522f86a1645d360"},
    {file = "pendulum-2.1.2-cp36-cp36m-manylinux1_i686.whl", hash = "sha256:c807a578a532eeb226150d5006f156632df2cc8c5693d778324b43ff8c515dd0"},
    {file = "pendulum-2.1.2-cp36-cp36m-manylinux1_x86_64.whl", hash = "sha256:2d1619a721df661e506eff8db8614016f0720ac171fe80dda1333ee44e684087"},
    {file = "pendulum-2.1.2-cp36-cp36m-win_amd64.whl", hash = "sha256:f888f2d2909a414680a29ae74d0592758f2b9fcdee3549887779cd4055e975db"},
    {file = "pendulum-2.1.2-cp37-cp37m-macosx_10_15_x86_64.whl", hash = "sha256:e95d329384717c7bf627bf27e204bc3b15c8238fa8d9d9781d93712776c14002"},
    {file = "pendulum-2.1.2-cp37-cp37m-manylinux1_i686.whl", hash = "sha256:4c9c689747f39d0d02a9f94fcee737b34a5773803a64a5fdb046ee9cac7442c5"},
    {file = "pendulum-2.1.2-cp37-cp37m-manylinux1_x86_64.whl", hash = "sha256:1245cd0075a3c6d889f581f6325dd8404aca5884dea7223a5566c38aab94642b"},
    {file = "pendulum-2.1.2-cp37-cp37m-win_amd64.whl", hash = "sha256:db0a40d8bcd27b4fb46676e8eb3c732c67a5a5e6bfab8927028224fbced0b40b"},
    {file = "pendulum-2.1.2-cp38-cp38-macosx_10_15_x86_64.whl", hash = "sha256:f5e236e7730cab1644e1b87aca3d2ff3e375a608542e90fe25685dae46310116"},
    {file = "pendulum-2.1.2-cp38-cp38-manylinux1_i686.whl", hash = "sha256:de42ea3e2943171a9e95141f2eecf972480636e8e484ccffaf1e833929e9e052"},
    {file = "pendulum-2.1.2-cp38-cp38-manylinux1_x86_64.whl", hash = "sha256:7c5ec650cb4bec4c63a89a0242cc8c3cebcec92fcfe937c417ba18277d8560be"},
    {file = "pendulum-2.1.2-cp38-cp38-win_amd64.whl", hash = "sha256:33fb61601083f3eb1d15edeb45274f73c63b3c44a8524703dc143f4212bf3269"},
    {file = "pendulum-2.1.2-cp39-cp39-manylinux1_i686.whl", hash = "sha256:29c40a6f2942376185728c9a0347d7c0f07905638c83007e1d262781f1e6953a"},
    {file = "pendulum-2.1.2-cp39-cp39-manylinux1_x86_64.whl", hash = "sha256:94b1fc947bfe38579b28e1cccb36f7e28a15e841f30384b5ad6c5e31055c85d7"},
    {file = "pendulum-2.1.2.tar.gz", hash = "sha256:b06a0ca1bfe41c990bbf0c029f0b6501a7f2ec4e38bfec730712015e8860f207"},
]
protobuf = [
    {file = "protobuf-4.21.4-cp310-abi3-win32.whl", hash = "sha256:e113f3d1629cebc911b107ce704f1a17d7e1589efef5c498e202bd47df223955"},
    {file = "protobuf-4.21.4-cp310-abi3-win_amd64.whl", hash = "sha256:cb50d93ef748671b7e2537658869e00aaa8175d717d8e73a23fcd58842883229"},
    {file = "protobuf-4.21.4-cp37-abi3-macosx_10_9_universal2.whl", hash = "sha256:142ef5d73d6cd1bd8ab539d7d73c3722f31d33e64914e01bb91439cfcef11a9f"},
    {file = "protobuf-4.21.4-cp37-abi3-manylinux2014_aarch64.whl", hash = "sha256:47b7cf3e542fd50a3a7c24d0da13451bc362a32c0a9b905714942ea8cf35fa11"},
    {file = "protobuf-4.21.4-cp37-abi3-manylinux2014_x86_64.whl", hash = "sha256:adeccfbffbf4c9d1e77da86dc995d76c837d01387e412066cc803ad037000892"},
    {file = "protobuf-4.21.4-cp37-cp37m-win32.whl", hash = "sha256:5e47947fbfefd5a1bdc7c28eea1d197ea6dba5812789c2429667831a55ef71b7"},
    {file = "protobuf-4.21.4-cp37-cp37m-win_amd64.whl", hash = "sha256:d9b0398ff68017015ec2a37fb0ab390363a654362b15ca2e4543d3c82587768f"},
    {file = "protobuf-4.21.4-cp38-cp38-win32.whl", hash = "sha256:2ea8c841cc6422aea07d0f4f71f0e5e6e130de9a4b6c31a53b9d2a41a75f2d54"},
    {file = "protobuf-4.21.4-cp38-cp38-win_amd64.whl", hash = "sha256:a8119c029c60cf29b7eea5a9f56648482388e874611243f41cd10aff0a0e5461"},
    {file = "protobuf-4.21.4-cp39-cp39-win32.whl", hash = "sha256:0275902f8292039d4a022319d3f86e8b231ac4c51d7be4cb797890fb78c16b85"},
    {file = "protobuf-4.21.4-cp39-cp39-win_amd64.whl", hash = "sha256:5b95c5f515334dd3a811762e3c588b469bf39d4ee7b7f47ac1e0c41dc73809f7"},
    {file = "protobuf-4.21.4-py2.py3-none-any.whl", hash = "sha256:fd62b6eda64e199b5da651d6be42af2aa8e30805961af1fc5f70292affca78e3"},
    {file = "protobuf-4.21.4-py3-none-any.whl", hash = "sha256:7e51f6244e53e936abadf624ab3a0f06dc106b27473997374fbb34e6b2eb1e60"},
    {file = "protobuf-4.21.4.tar.gz", hash = "sha256:5783dc0d6edae631145337fabb18503b4f77274f94cdd22a4b26b9fe5029e718"},
]
pygments = [
    {file = "Pygments-2.12.0-py3-none-any.whl", hash = "sha256:dc9c10fb40944260f6ed4c688ece0cd2048414940f1cea51b8b226318411c519"},
    {file = "Pygments-2.12.0.tar.gz", hash = "sha256:5eb116118f9612ff1ee89ac96437bb6b49e8f04d8a13b514ba26f620208e26eb"},
]
python-dateutil = [
    {file = "python-dateutil-2.8.2.tar.gz", hash = "sha256:0123cacc1627ae19ddf3c27a5de5bd67ee4586fbdd6440d9748f8abb483d3e86"},
    {file = "python_dateutil-2.8.2-py2.py3-none-any.whl", hash = "sha256:961d03dc3453ebbc59dbdea9e4e11c5651520a876d0f4db161e8674aae935da9"},
]
pytzdata = [
    {file = "pytzdata-2020.1-py2.py3-none-any.whl", hash = "sha256:e1e14750bcf95016381e4d472bad004eef710f2d6417240904070b3d6654485f"},
    {file = "pytzdata-2020.1.tar.gz", hash = "sha256:3efa13b335a00a8de1d345ae41ec78dd11c9f8807f522d39850f2dd828681540"},
]
requests = [
    {file = "requests-2.28.1-py3-none-any.whl", hash = "sha256:8fefa2a1a1365bf5520aac41836fbee479da67864514bdb821f31ce07ce65349"},
    {file = "requests-2.28.1.tar.gz", hash = "sha256:7c5599b102feddaa661c826c56ab4fee28bfd17f5abca1ebbe3e7f19d7c97983"},
]
rich = [
    {file = "rich-12.5.1-py3-none-any.whl", hash = "sha256:2eb4e6894cde1e017976d2975ac210ef515d7548bc595ba20e195fb9628acdeb"},
    {file = "rich-12.5.1.tar.gz", hash = "sha256:63a5c5ce3673d3d5fbbf23cd87e11ab84b6b451436f1b7f19ec54b6bc36ed7ca"},
]
shellingham = [
    {file = "shellingham-1.4.0-py2.py3-none-any.whl", hash = "sha256:536b67a0697f2e4af32ab176c00a50ac2899c5a05e0d8e2dadac8e58888283f9"},
    {file = "shellingham-1.4.0.tar.gz", hash = "sha256:4855c2458d6904829bd34c299f11fdeed7cfefbf8a2c522e4caea6cd76b3171e"},
]
six = [
    {file = "six-1.16.0-py2.py3-none-any.whl", hash = "sha256:8abb2f1d86890a2dfb989f9a77cfcfd3e47c2a354b01111771326f8aa26e0254"},
    {file = "six-1.16.0.tar.gz", hash = "sha256:1e61c37477a1626458e36f7b1d82aa5c9b094fa4802892072e49de9c60c4c926"},
]
typer = [
    {file = "typer-0.6.1-py3-none-any.whl", hash = "sha256:54b19e5df18654070a82f8c2aa1da456a4ac16a2a83e6dcd9f170e291c56338e"},
    {file = "typer-0.6.1.tar.gz", hash = "sha256:2d5720a5e63f73eaf31edaa15f6ab87f35f0690f8ca233017d7d23d743a91d73"},
]
typing-extensions = [
    {file = "typing_extensions-4.3.0-py3-none-any.whl", hash = "sha256:25642c956049920a5aa49edcdd6ab1e06d7e5d467fc00e0506c44ac86fbfca02"},
    {file = "typing_extensions-4.3.0.tar.gz", hash = "sha256:e6d2677a32f47fc7eb2795db1dd15c1f34eff616bcaf2cfb5e997f854fa1c4a6"},
]
urllib3 = [
    {file = "urllib3-1.26.11-py2.py3-none-any.whl", hash = "sha256:c33ccba33c819596124764c23a97d25f32b28433ba0dedeb77d873a38722c9bc"},
    {file = "urllib3-1.26.11.tar.gz", hash = "sha256:ea6e8fb210b19d950fab93b60c9009226c63a28808bc8386e05301e25883ac0a"},
]
