[[package]]
name = "arg-services"
version = "0.3.8"
description = "gRPC definitions for microservice-based argumentation machines"
category = "main"
optional = false
python-versions = ">=3.8,<4.0"

[package.dependencies]
grpcio = ">=1.46.3,<2.0.0"
grpcio-reflection = ">=1.46.3,<2.0.0"
protobuf = ">=4.21.1,<5.0.0"

[[package]]
name = "arguebuf"
version = "1.0.0"
description = "A library for loading argument graphs in various formats (e.g., AIF)."
category = "main"
optional = false
python-versions = ">=3.8,<4.0"

[package.dependencies]
arg-services = ">=0.3.8,<0.4.0"
graphviz = ">=0.20,<0.21"
lxml = ">=4.9.0,<5.0.0"
networkx = ">=2.8.4,<3.0.0"
pendulum = ">=2.1.2,<3.0.0"

[package.extras]
docs = ["sphinx (>=4.5.0,<5.0.0)", "furo (>=2022.6.4.1,<2023.0.0.0)", "myst-parser (>=0.18.0,<0.19.0)", "sphinx-autoapi (>=1.8.4,<2.0.0)", "autodocsumm (>=0.2.8,<0.3.0)"]

[[package]]
name = "certifi"
version = "2022.6.15"
description = "Python package for providing Mozilla's CA Bundle."
category = "main"
optional = false
python-versions = ">=3.6"

[[package]]
name = "charset-normalizer"
version = "2.1.0"
description = "The Real First Universal Charset Detector. Open, modern and actively maintained alternative to Chardet."
category = "main"
optional = false
python-versions = ">=3.6.0"

[package.extras]
unicode_backport = ["unicodedata2"]

[[package]]
name = "click"
version = "8.1.3"
description = "Composable command line interface toolkit"
category = "main"
optional = false
python-versions = ">=3.7"

[package.dependencies]
colorama = {version = "*", markers = "platform_system == \"Windows\""}

[[package]]
name = "colorama"
version = "0.4.5"
description = "Cross-platform colored terminal text."
category = "main"
optional = false
python-versions = ">=2.7, !=3.0.*, !=3.1.*, !=3.2.*, !=3.3.*, !=3.4.*"

[[package]]
name = "deepl-pro"
version = "0.1.4"
description = "A wrapper for the DeepL Pro API."
category = "main"
optional = false
python-versions = ">=3.7,<4.0"

[package.dependencies]
requests = ">=2.22,<3.0"

[[package]]
name = "graphviz"
version = "0.20"
description = "Simple Python interface for Graphviz"
category = "main"
optional = false
python-versions = ">=3.7"

[package.extras]
dev = ["tox (>=3)", "flake8", "pep8-naming", "wheel", "twine"]
docs = ["sphinx (>=4)", "sphinx-autodoc-typehints", "sphinx-rtd-theme"]
test = ["pytest (>=7)", "pytest-mock (>=3)", "mock (>=4)", "pytest-cov", "coverage"]

[[package]]
name = "grpcio"
version = "1.47.0"
description = "HTTP/2-based RPC framework"
category = "main"
optional = false
python-versions = ">=3.6"

[package.dependencies]
six = ">=1.5.2"

[package.extras]
protobuf = ["grpcio-tools (>=1.47.0)"]

[[package]]
name = "grpcio-reflection"
version = "1.47.0"
description = "Standard Protobuf Reflection Service for gRPC"
category = "main"
optional = false
python-versions = ">=3.6"

[package.dependencies]
grpcio = ">=1.47.0"
protobuf = ">=3.12.0"

[[package]]
name = "idna"
version = "3.3"
description = "Internationalized Domain Names in Applications (IDNA)"
category = "main"
optional = false
python-versions = ">=3.5"

[[package]]
name = "lxml"
version = "4.9.1"
description = "Powerful and Pythonic XML processing library combining libxml2/libxslt with the ElementTree API."
category = "main"
optional = false
python-versions = ">=2.7, !=3.0.*, !=3.1.*, !=3.2.*, !=3.3.*, != 3.4.*"

[package.extras]
cssselect = ["cssselect (>=0.7)"]
html5 = ["html5lib"]
htmlsoup = ["beautifulsoup4"]
source = ["Cython (>=0.29.7)"]

[[package]]
name = "networkx"
version = "2.8.4"
description = "Python package for creating and manipulating graphs and networks"
category = "main"
optional = false
python-versions = ">=3.8"

[package.extras]
default = ["numpy (>=1.19)", "scipy (>=1.8)", "matplotlib (>=3.4)", "pandas (>=1.3)"]
developer = ["pre-commit (>=2.19)", "mypy (>=0.960)"]
doc = ["sphinx (>=5)", "pydata-sphinx-theme (>=0.9)", "sphinx-gallery (>=0.10)", "numpydoc (>=1.4)", "pillow (>=9.1)", "nb2plots (>=0.6)", "texext (>=0.6.6)"]
extra = ["lxml (>=4.6)", "pygraphviz (>=1.9)", "pydot (>=1.4.2)", "sympy (>=1.10)"]
test = ["pytest (>=7.1)", "pytest-cov (>=3.0)", "codecov (>=2.1)"]

[[package]]
name = "pendulum"
version = "2.1.2"
description = "Python datetimes made easy"
category = "main"
optional = false
python-versions = ">=2.7, !=3.0.*, !=3.1.*, !=3.2.*, !=3.3.*, !=3.4.*"

[package.dependencies]
python-dateutil = ">=2.6,<3.0"
pytzdata = ">=2020.1"

[[package]]
name = "protobuf"
version = "4.21.2"
description = ""
category = "main"
optional = false
python-versions = ">=3.7"

[[package]]
name = "python-dateutil"
version = "2.8.2"
description = "Extensions to the standard Python datetime module"
category = "main"
optional = false
python-versions = "!=3.0.*,!=3.1.*,!=3.2.*,>=2.7"

[package.dependencies]
six = ">=1.5"

[[package]]
name = "pytzdata"
version = "2020.1"
description = "The Olson timezone database for Python."
category = "main"
optional = false
python-versions = ">=2.7, !=3.0.*, !=3.1.*, !=3.2.*, !=3.3.*"

[[package]]
name = "requests"
version = "2.28.1"
description = "Python HTTP for Humans."
category = "main"
optional = false
python-versions = ">=3.7, <4"

[package.dependencies]
certifi = ">=2017.4.17"
charset-normalizer = ">=2,<3"
idna = ">=2.5,<4"
urllib3 = ">=1.21.1,<1.27"

[package.extras]
socks = ["PySocks (>=1.5.6,!=1.5.7)"]
use_chardet_on_py3 = ["chardet (>=3.0.2,<6)"]

[[package]]
name = "six"
version = "1.16.0"
description = "Python 2 and 3 compatibility utilities"
category = "main"
optional = false
python-versions = ">=2.7, !=3.0.*, !=3.1.*, !=3.2.*"

[[package]]
name = "typer"
version = "0.5.0"
description = "Typer, build great CLIs. Easy to code. Based on Python type hints."
category = "main"
optional = false
python-versions = ">=3.6"

[package.dependencies]
click = ">=7.1.1,<9.0.0"

[package.extras]
all = ["colorama (>=0.4.3,<0.5.0)", "shellingham (>=1.3.0,<2.0.0)", "rich (>=10.11.0,<13.0.0)"]
dev = ["autoflake (>=1.3.1,<2.0.0)", "flake8 (>=3.8.3,<4.0.0)", "pre-commit (>=2.17.0,<3.0.0)"]
doc = ["mkdocs (>=1.1.2,<2.0.0)", "mkdocs-material (>=8.1.4,<9.0.0)", "mdx-include (>=1.4.1,<2.0.0)"]
test = ["shellingham (>=1.3.0,<2.0.0)", "pytest (>=4.4.0,<5.4.0)", "pytest-cov (>=2.10.0,<3.0.0)", "coverage (>=5.2,<6.0)", "pytest-xdist (>=1.32.0,<2.0.0)", "pytest-sugar (>=0.9.4,<0.10.0)", "mypy (==0.910)", "black (>=22.3.0,<23.0.0)", "isort (>=5.0.6,<6.0.0)", "rich (>=10.11.0,<13.0.0)"]

[[package]]
name = "urllib3"
version = "1.26.10"
description = "HTTP library with thread-safe connection pooling, file post, and more."
category = "main"
optional = false
python-versions = ">=2.7, !=3.0.*, !=3.1.*, !=3.2.*, !=3.3.*, !=3.4.*, !=3.5.*, <4"

[package.extras]
brotli = ["brotlicffi (>=0.8.0)", "brotli (>=1.0.9)", "brotlipy (>=0.6.0)"]
secure = ["pyOpenSSL (>=0.14)", "cryptography (>=1.3.4)", "idna (>=2.0.0)", "certifi", "ipaddress"]
socks = ["PySocks (>=1.5.6,!=1.5.7,<2.0)"]

[metadata]
lock-version = "1.1"
python-versions = "^3.8"
content-hash = "d4000b982556b600f6a39741a8a4e1a3676719b5bfe6e9bb2315733a69699a5d"

[metadata.files]
arg-services = [
    {file = "arg-services-0.3.8.tar.gz", hash = "sha256:71e441b5bb99c0ef6e9640e49a1e6f7f7bdd09450cb28df85cd1acdbec00ae83"},
    {file = "arg_services-0.3.8-py3-none-any.whl", hash = "sha256:ea1131eb04220e837cc5dcd478370418047019caf15baa207d1fe09550a4b3f8"},
]
arguebuf = [
    {file = "Arguebuf-1.0.0-py3-none-any.whl", hash = "sha256:b9e9e299c83a4f373b6c63053157d79f7ec2ff0fd800df5f0342e3b7f78c3aff"},
    {file = "Arguebuf-1.0.0.tar.gz", hash = "sha256:6b81de64e6fae5a6c66dfd9524e55f3826cc53097450b09431d49b2c22898f4e"},
]
certifi = [
    {file = "certifi-2022.6.15-py3-none-any.whl", hash = "sha256:fe86415d55e84719d75f8b69414f6438ac3547d2078ab91b67e779ef69378412"},
    {file = "certifi-2022.6.15.tar.gz", hash = "sha256:84c85a9078b11105f04f3036a9482ae10e4621616db313fe045dd24743a0820d"},
]
charset-normalizer = [
    {file = "charset-normalizer-2.1.0.tar.gz", hash = "sha256:575e708016ff3a5e3681541cb9d79312c416835686d054a23accb873b254f413"},
    {file = "charset_normalizer-2.1.0-py3-none-any.whl", hash = "sha256:5189b6f22b01957427f35b6a08d9a0bc45b46d3788ef5a92e978433c7a35f8a5"},
]
click = [
    {file = "click-8.1.3-py3-none-any.whl", hash = "sha256:bb4d8133cb15a609f44e8213d9b391b0809795062913b383c62be0ee95b1db48"},
    {file = "click-8.1.3.tar.gz", hash = "sha256:7682dc8afb30297001674575ea00d1814d808d6a36af415a82bd481d37ba7b8e"},
]
colorama = [
    {file = "colorama-0.4.5-py2.py3-none-any.whl", hash = "sha256:854bf444933e37f5824ae7bfc1e98d5bce2ebe4160d46b5edf346a89358e99da"},
    {file = "colorama-0.4.5.tar.gz", hash = "sha256:e6c6b4334fc50988a639d9b98aa429a0b57da6e17b9a44f0451f930b6967b7a4"},
]
deepl-pro = [
    {file = "DeepL-Pro-0.1.4.tar.gz", hash = "sha256:dc6c5888d5efaf9ddd0440f813fd3b23f691cd3591336100980cddbf66f186ed"},
    {file = "DeepL_Pro-0.1.4-py3-none-any.whl", hash = "sha256:a958f39687c47bdc2288c274568b3f389340ca428444fe66ca64348f39b61da4"},
]
graphviz = [
    {file = "graphviz-0.20-py3-none-any.whl", hash = "sha256:62c5f48bcc534a45b4588c548ff75e419c1f1f3a33d31a91796ae80a7f581e4a"},
    {file = "graphviz-0.20.zip", hash = "sha256:76bdfb73f42e72564ffe9c7299482f9d72f8e6cb8d54bce7b48ab323755e9ba5"},
]
grpcio = [
    {file = "grpcio-1.47.0-cp310-cp310-linux_armv7l.whl", hash = "sha256:544da3458d1d249bb8aed5504adf3e194a931e212017934bf7bfa774dad37fb3"},
    {file = "grpcio-1.47.0-cp310-cp310-macosx_10_10_x86_64.whl", hash = "sha256:b88bec3f94a16411a1e0336eb69f335f58229e45d4082b12d8e554cedea97586"},
    {file = "grpcio-1.47.0-cp310-cp310-manylinux_2_17_aarch64.whl", hash = "sha256:06c0739dff9e723bca28ec22301f3711d85c2e652d1c8ae938aa0f7ad632ef9a"},
    {file = "grpcio-1.47.0-cp310-cp310-manylinux_2_17_i686.manylinux2014_i686.whl", hash = "sha256:f4508e8abd67ebcccd0fbde6e2b1917ba5d153f3f20c1de385abd8722545e05f"},
    {file = "grpcio-1.47.0-cp310-cp310-manylinux_2_17_x86_64.manylinux2014_x86_64.whl", hash = "sha256:e9723784cf264697024778dcf4b7542c851fe14b14681d6268fb984a53f76df1"},
    {file = "grpcio-1.47.0-cp310-cp310-musllinux_1_1_i686.whl", hash = "sha256:1bb9afa85e797a646bfcd785309e869e80a375c959b11a17c9680abebacc0cb0"},
    {file = "grpcio-1.47.0-cp310-cp310-musllinux_1_1_x86_64.whl", hash = "sha256:4d9ad7122f60157454f74a850d1337ba135146cef6fb7956d78c7194d52db0fe"},
    {file = "grpcio-1.47.0-cp310-cp310-win32.whl", hash = "sha256:0425b5577be202d0a4024536bbccb1b052c47e0766096e6c3a5789ddfd5f400d"},
    {file = "grpcio-1.47.0-cp310-cp310-win_amd64.whl", hash = "sha256:d0d481ff55ea6cc49dab2c8276597bd4f1a84a8745fedb4bc23e12e9fb9d0e45"},
    {file = "grpcio-1.47.0-cp36-cp36m-linux_armv7l.whl", hash = "sha256:5f57b9b61c22537623a5577bf5f2f970dc4e50fac5391090114c6eb3ab5a129f"},
    {file = "grpcio-1.47.0-cp36-cp36m-macosx_10_10_x86_64.whl", hash = "sha256:14d2bc74218986e5edf5527e870b0969d63601911994ebf0dce96288548cf0ef"},
    {file = "grpcio-1.47.0-cp36-cp36m-manylinux_2_17_aarch64.whl", hash = "sha256:c79996ae64dc4d8730782dff0d1daacc8ce7d4c2ba9cef83b6f469f73c0655ce"},
    {file = "grpcio-1.47.0-cp36-cp36m-manylinux_2_17_i686.manylinux2014_i686.whl", hash = "sha256:0a24b50810aae90c74bbd901c3f175b9645802d2fbf03eadaf418ddee4c26668"},
    {file = "grpcio-1.47.0-cp36-cp36m-manylinux_2_17_x86_64.manylinux2014_x86_64.whl", hash = "sha256:55782a31ec539f15b34ee56f19131fe1430f38a4be022eb30c85e0b0dcf57f11"},
    {file = "grpcio-1.47.0-cp36-cp36m-musllinux_1_1_i686.whl", hash = "sha256:35dfd981b03a3ec842671d1694fe437ee9f7b9e6a02792157a2793b0eba4f478"},
    {file = "grpcio-1.47.0-cp36-cp36m-musllinux_1_1_x86_64.whl", hash = "sha256:664a270d3eac68183ad049665b0f4d0262ec387d5c08c0108dbcfe5b351a8b4d"},
    {file = "grpcio-1.47.0-cp36-cp36m-win32.whl", hash = "sha256:9298d6f2a81f132f72a7e79cbc90a511fffacc75045c2b10050bb87b86c8353d"},
    {file = "grpcio-1.47.0-cp36-cp36m-win_amd64.whl", hash = "sha256:815089435d0f113719eabf105832e4c4fa1726b39ae3fb2ca7861752b0f70570"},
    {file = "grpcio-1.47.0-cp37-cp37m-linux_armv7l.whl", hash = "sha256:7191ffc8bcf8a630c547287ab103e1fdf72b2e0c119e634d8a36055c1d988ad0"},
    {file = "grpcio-1.47.0-cp37-cp37m-macosx_10_10_x86_64.whl", hash = "sha256:1ec63bbd09586e5cda1bdc832ae6975d2526d04433a764a1cc866caa399e50d4"},
    {file = "grpcio-1.47.0-cp37-cp37m-manylinux_2_17_aarch64.whl", hash = "sha256:08307dc5a6ac4da03146d6c00f62319e0665b01c6ffe805cfcaa955c17253f9c"},
    {file = "grpcio-1.47.0-cp37-cp37m-manylinux_2_17_i686.manylinux2014_i686.whl", hash = "sha256:668350ea02af018ca945bd629754d47126b366d981ab88e0369b53bc781ffb14"},
    {file = "grpcio-1.47.0-cp37-cp37m-manylinux_2_17_x86_64.manylinux2014_x86_64.whl", hash = "sha256:64e097dd08bb408afeeaee9a56f75311c9ca5b27b8b0278279dc8eef85fa1051"},
    {file = "grpcio-1.47.0-cp37-cp37m-musllinux_1_1_i686.whl", hash = "sha256:0d8a7f3eb6f290189f48223a5f4464c99619a9de34200ce80d5092fb268323d2"},
    {file = "grpcio-1.47.0-cp37-cp37m-musllinux_1_1_x86_64.whl", hash = "sha256:f89de64d9eb3478b188859214752db50c91a749479011abd99e248550371375f"},
    {file = "grpcio-1.47.0-cp37-cp37m-win32.whl", hash = "sha256:67cd275a651532d28620eef677b97164a5438c5afcfd44b15e8992afa9eb598c"},
    {file = "grpcio-1.47.0-cp37-cp37m-win_amd64.whl", hash = "sha256:f515782b168a4ec6ea241add845ccfebe187fc7b09adf892b3ad9e2592c60af1"},
    {file = "grpcio-1.47.0-cp38-cp38-linux_armv7l.whl", hash = "sha256:91cd292373e85a52c897fa5b4768c895e20a7dc3423449c64f0f96388dd1812e"},
    {file = "grpcio-1.47.0-cp38-cp38-macosx_10_10_x86_64.whl", hash = "sha256:a278d02272214ec33f046864a24b5f5aab7f60f855de38c525e5b4ef61ec5b48"},
    {file = "grpcio-1.47.0-cp38-cp38-manylinux_2_17_aarch64.whl", hash = "sha256:bfdb8af4801d1c31a18d54b37f4e49bb268d1f485ecf47f70e78d56e04ff37a7"},
    {file = "grpcio-1.47.0-cp38-cp38-manylinux_2_17_i686.manylinux2014_i686.whl", hash = "sha256:9e63e0619a5627edb7a5eb3e9568b9f97e604856ba228cc1d8a9f83ce3d0466e"},
    {file = "grpcio-1.47.0-cp38-cp38-manylinux_2_17_x86_64.manylinux2014_x86_64.whl", hash = "sha256:cc34d182c4fd64b6ff8304a606b95e814e4f8ed4b245b6d6cc9607690e3ef201"},
    {file = "grpcio-1.47.0-cp38-cp38-musllinux_1_1_i686.whl", hash = "sha256:a6b2432ac2353c80a56d9015dfc5c4af60245c719628d4193ecd75ddf9cd248c"},
    {file = "grpcio-1.47.0-cp38-cp38-musllinux_1_1_x86_64.whl", hash = "sha256:fcd5d932842df503eb0bf60f9cc35e6fe732b51f499e78b45234e0be41b0018d"},
    {file = "grpcio-1.47.0-cp38-cp38-win32.whl", hash = "sha256:43857d06b2473b640467467f8f553319b5e819e54be14c86324dad83a0547818"},
    {file = "grpcio-1.47.0-cp38-cp38-win_amd64.whl", hash = "sha256:96cff5a2081db82fb710db6a19dd8f904bdebb927727aaf4d9c427984b79a4c1"},
    {file = "grpcio-1.47.0-cp39-cp39-linux_armv7l.whl", hash = "sha256:68b5e47fcca8481f36ef444842801928e60e30a5b3852c9f4a95f2582d10dcb2"},
    {file = "grpcio-1.47.0-cp39-cp39-macosx_10_10_x86_64.whl", hash = "sha256:0cd44d78f302ff67f11a8c49b786c7ccbed2cfef6f4fd7bb0c3dc9255415f8f7"},
    {file = "grpcio-1.47.0-cp39-cp39-manylinux_2_17_aarch64.whl", hash = "sha256:4706c78b0c183dca815bbb4ef3e8dd2136ccc8d1699f62c585e75e211ad388f6"},
    {file = "grpcio-1.47.0-cp39-cp39-manylinux_2_17_i686.manylinux2014_i686.whl", hash = "sha256:324e363bad4d89a8ec7124013371f268d43afd0ac0fdeec1b21c1a101eb7dafb"},
    {file = "grpcio-1.47.0-cp39-cp39-manylinux_2_17_x86_64.manylinux2014_x86_64.whl", hash = "sha256:b821403907e865e8377af3eee62f0cb233ea2369ba0fcdce9505ca5bfaf4eeb3"},
    {file = "grpcio-1.47.0-cp39-cp39-musllinux_1_1_i686.whl", hash = "sha256:2061dbe41e43b0a5e1fd423e8a7fb3a0cf11d69ce22d0fac21f1a8c704640b12"},
    {file = "grpcio-1.47.0-cp39-cp39-musllinux_1_1_x86_64.whl", hash = "sha256:8dbef03853a0dbe457417c5469cb0f9d5bf47401b49d50c7dad3c495663b699b"},
    {file = "grpcio-1.47.0-cp39-cp39-win32.whl", hash = "sha256:090dfa19f41efcbe760ae59b34da4304d4be9a59960c9682b7eab7e0b6748a79"},
    {file = "grpcio-1.47.0-cp39-cp39-win_amd64.whl", hash = "sha256:55cd8b13c5ef22003889f599b8f2930836c6f71cd7cf3fc0196633813dc4f928"},
    {file = "grpcio-1.47.0.tar.gz", hash = "sha256:5dbba95fab9b35957b4977b8904fc1fa56b302f9051eff4d7716ebb0c087f801"},
]
grpcio-reflection = [
    {file = "grpcio-reflection-1.47.0.tar.gz", hash = "sha256:e4078cc9fc1735ac3d4e59c012978649d9c69963e930d838c4c3ee2c671493c4"},
    {file = "grpcio_reflection-1.47.0-py3-none-any.whl", hash = "sha256:98155d8c92f1b64a6ba27a76fac087177375954261f349f1e8675df256c649ec"},
]
idna = [
    {file = "idna-3.3-py3-none-any.whl", hash = "sha256:84d9dd047ffa80596e0f246e2eab0b391788b0503584e8945f2368256d2735ff"},
    {file = "idna-3.3.tar.gz", hash = "sha256:9d643ff0a55b762d5cdb124b8eaa99c66322e2157b69160bc32796e824360e6d"},
]
lxml = [
    {file = "lxml-4.9.1-cp27-cp27m-macosx_10_15_x86_64.whl", hash = "sha256:98cafc618614d72b02185ac583c6f7796202062c41d2eeecdf07820bad3295ed"},
    {file = "lxml-4.9.1-cp27-cp27m-manylinux_2_5_i686.manylinux1_i686.whl", hash = "sha256:c62e8dd9754b7debda0c5ba59d34509c4688f853588d75b53c3791983faa96fc"},
    {file = "lxml-4.9.1-cp27-cp27m-manylinux_2_5_x86_64.manylinux1_x86_64.whl", hash = "sha256:21fb3d24ab430fc538a96e9fbb9b150029914805d551deeac7d7822f64631dfc"},
    {file = "lxml-4.9.1-cp27-cp27m-win32.whl", hash = "sha256:86e92728ef3fc842c50a5cb1d5ba2bc66db7da08a7af53fb3da79e202d1b2cd3"},
    {file = "lxml-4.9.1-cp27-cp27m-win_amd64.whl", hash = "sha256:4cfbe42c686f33944e12f45a27d25a492cc0e43e1dc1da5d6a87cbcaf2e95627"},
    {file = "lxml-4.9.1-cp27-cp27mu-manylinux_2_5_i686.manylinux1_i686.whl", hash = "sha256:dad7b164905d3e534883281c050180afcf1e230c3d4a54e8038aa5cfcf312b84"},
    {file = "lxml-4.9.1-cp27-cp27mu-manylinux_2_5_x86_64.manylinux1_x86_64.whl", hash = "sha256:a614e4afed58c14254e67862456d212c4dcceebab2eaa44d627c2ca04bf86837"},
    {file = "lxml-4.9.1-cp310-cp310-manylinux_2_12_i686.manylinux2010_i686.manylinux_2_24_i686.whl", hash = "sha256:f9ced82717c7ec65a67667bb05865ffe38af0e835cdd78728f1209c8fffe0cad"},
    {file = "lxml-4.9.1-cp310-cp310-manylinux_2_17_aarch64.manylinux2014_aarch64.manylinux_2_24_aarch64.whl", hash = "sha256:d9fc0bf3ff86c17348dfc5d322f627d78273eba545db865c3cd14b3f19e57fa5"},
    {file = "lxml-4.9.1-cp310-cp310-manylinux_2_17_x86_64.manylinux2014_x86_64.manylinux_2_24_x86_64.whl", hash = "sha256:e5f66bdf0976ec667fc4594d2812a00b07ed14d1b44259d19a41ae3fff99f2b8"},
    {file = "lxml-4.9.1-cp310-cp310-musllinux_1_1_aarch64.whl", hash = "sha256:fe17d10b97fdf58155f858606bddb4e037b805a60ae023c009f760d8361a4eb8"},
    {file = "lxml-4.9.1-cp310-cp310-musllinux_1_1_x86_64.whl", hash = "sha256:8caf4d16b31961e964c62194ea3e26a0e9561cdf72eecb1781458b67ec83423d"},
    {file = "lxml-4.9.1-cp310-cp310-win32.whl", hash = "sha256:4780677767dd52b99f0af1f123bc2c22873d30b474aa0e2fc3fe5e02217687c7"},
    {file = "lxml-4.9.1-cp310-cp310-win_amd64.whl", hash = "sha256:b122a188cd292c4d2fcd78d04f863b789ef43aa129b233d7c9004de08693728b"},
    {file = "lxml-4.9.1-cp311-cp311-manylinux_2_12_i686.manylinux2010_i686.manylinux_2_24_i686.whl", hash = "sha256:be9eb06489bc975c38706902cbc6888f39e946b81383abc2838d186f0e8b6a9d"},
    {file = "lxml-4.9.1-cp311-cp311-manylinux_2_17_x86_64.manylinux2014_x86_64.manylinux_2_24_x86_64.whl", hash = "sha256:f1be258c4d3dc609e654a1dc59d37b17d7fef05df912c01fc2e15eb43a9735f3"},
    {file = "lxml-4.9.1-cp311-cp311-musllinux_1_1_x86_64.whl", hash = "sha256:927a9dd016d6033bc12e0bf5dee1dde140235fc8d0d51099353c76081c03dc29"},
    {file = "lxml-4.9.1-cp35-cp35m-manylinux_2_5_i686.manylinux1_i686.whl", hash = "sha256:9232b09f5efee6a495a99ae6824881940d6447debe272ea400c02e3b68aad85d"},
    {file = "lxml-4.9.1-cp35-cp35m-manylinux_2_5_x86_64.manylinux1_x86_64.whl", hash = "sha256:04da965dfebb5dac2619cb90fcf93efdb35b3c6994fea58a157a834f2f94b318"},
    {file = "lxml-4.9.1-cp35-cp35m-win32.whl", hash = "sha256:4d5bae0a37af799207140652a700f21a85946f107a199bcb06720b13a4f1f0b7"},
    {file = "lxml-4.9.1-cp35-cp35m-win_amd64.whl", hash = "sha256:4878e667ebabe9b65e785ac8da4d48886fe81193a84bbe49f12acff8f7a383a4"},
    {file = "lxml-4.9.1-cp36-cp36m-macosx_10_15_x86_64.whl", hash = "sha256:1355755b62c28950f9ce123c7a41460ed9743c699905cbe664a5bcc5c9c7c7fb"},
    {file = "lxml-4.9.1-cp36-cp36m-manylinux_2_12_i686.manylinux2010_i686.manylinux_2_24_i686.whl", hash = "sha256:bcaa1c495ce623966d9fc8a187da80082334236a2a1c7e141763ffaf7a405067"},
    {file = "lxml-4.9.1-cp36-cp36m-manylinux_2_17_aarch64.manylinux2014_aarch64.whl", hash = "sha256:6eafc048ea3f1b3c136c71a86db393be36b5b3d9c87b1c25204e7d397cee9536"},
    {file = "lxml-4.9.1-cp36-cp36m-manylinux_2_17_x86_64.manylinux2014_x86_64.manylinux_2_24_x86_64.whl", hash = "sha256:13c90064b224e10c14dcdf8086688d3f0e612db53766e7478d7754703295c7c8"},
    {file = "lxml-4.9.1-cp36-cp36m-manylinux_2_5_i686.manylinux1_i686.whl", hash = "sha256:206a51077773c6c5d2ce1991327cda719063a47adc02bd703c56a662cdb6c58b"},
    {file = "lxml-4.9.1-cp36-cp36m-manylinux_2_5_x86_64.manylinux1_x86_64.whl", hash = "sha256:e8f0c9d65da595cfe91713bc1222af9ecabd37971762cb830dea2fc3b3bb2acf"},
    {file = "lxml-4.9.1-cp36-cp36m-musllinux_1_1_aarch64.whl", hash = "sha256:8f0a4d179c9a941eb80c3a63cdb495e539e064f8054230844dcf2fcb812b71d3"},
    {file = "lxml-4.9.1-cp36-cp36m-musllinux_1_1_x86_64.whl", hash = "sha256:830c88747dce8a3e7525defa68afd742b4580df6aa2fdd6f0855481e3994d391"},
    {file = "lxml-4.9.1-cp36-cp36m-win32.whl", hash = "sha256:1e1cf47774373777936c5aabad489fef7b1c087dcd1f426b621fda9dcc12994e"},
    {file = "lxml-4.9.1-cp36-cp36m-win_amd64.whl", hash = "sha256:5974895115737a74a00b321e339b9c3f45c20275d226398ae79ac008d908bff7"},
    {file = "lxml-4.9.1-cp37-cp37m-macosx_10_15_x86_64.whl", hash = "sha256:1423631e3d51008871299525b541413c9b6c6423593e89f9c4cfbe8460afc0a2"},
    {file = "lxml-4.9.1-cp37-cp37m-manylinux_2_12_i686.manylinux2010_i686.manylinux_2_24_i686.whl", hash = "sha256:2aaf6a0a6465d39b5ca69688fce82d20088c1838534982996ec46633dc7ad6cc"},
    {file = "lxml-4.9.1-cp37-cp37m-manylinux_2_17_aarch64.manylinux2014_aarch64.manylinux_2_24_aarch64.whl", hash = "sha256:9f36de4cd0c262dd9927886cc2305aa3f2210db437aa4fed3fb4940b8bf4592c"},
    {file = "lxml-4.9.1-cp37-cp37m-manylinux_2_17_x86_64.manylinux2014_x86_64.manylinux_2_24_x86_64.whl", hash = "sha256:ae06c1e4bc60ee076292e582a7512f304abdf6c70db59b56745cca1684f875a4"},
    {file = "lxml-4.9.1-cp37-cp37m-manylinux_2_5_i686.manylinux1_i686.whl", hash = "sha256:57e4d637258703d14171b54203fd6822fda218c6c2658a7d30816b10995f29f3"},
    {file = "lxml-4.9.1-cp37-cp37m-manylinux_2_5_x86_64.manylinux1_x86_64.whl", hash = "sha256:6d279033bf614953c3fc4a0aa9ac33a21e8044ca72d4fa8b9273fe75359d5cca"},
    {file = "lxml-4.9.1-cp37-cp37m-musllinux_1_1_aarch64.whl", hash = "sha256:a60f90bba4c37962cbf210f0188ecca87daafdf60271f4c6948606e4dabf8785"},
    {file = "lxml-4.9.1-cp37-cp37m-musllinux_1_1_x86_64.whl", hash = "sha256:6ca2264f341dd81e41f3fffecec6e446aa2121e0b8d026fb5130e02de1402785"},
    {file = "lxml-4.9.1-cp37-cp37m-win32.whl", hash = "sha256:27e590352c76156f50f538dbcebd1925317a0f70540f7dc8c97d2931c595783a"},
    {file = "lxml-4.9.1-cp37-cp37m-win_amd64.whl", hash = "sha256:eea5d6443b093e1545ad0210e6cf27f920482bfcf5c77cdc8596aec73523bb7e"},
    {file = "lxml-4.9.1-cp38-cp38-macosx_10_15_x86_64.whl", hash = "sha256:f05251bbc2145349b8d0b77c0d4e5f3b228418807b1ee27cefb11f69ed3d233b"},
    {file = "lxml-4.9.1-cp38-cp38-manylinux_2_12_i686.manylinux2010_i686.manylinux_2_24_i686.whl", hash = "sha256:487c8e61d7acc50b8be82bda8c8d21d20e133c3cbf41bd8ad7eb1aaeb3f07c97"},
    {file = "lxml-4.9.1-cp38-cp38-manylinux_2_17_aarch64.manylinux2014_aarch64.manylinux_2_24_aarch64.whl", hash = "sha256:8d1a92d8e90b286d491e5626af53afef2ba04da33e82e30744795c71880eaa21"},
    {file = "lxml-4.9.1-cp38-cp38-manylinux_2_17_x86_64.manylinux2014_x86_64.manylinux_2_24_x86_64.whl", hash = "sha256:b570da8cd0012f4af9fa76a5635cd31f707473e65a5a335b186069d5c7121ff2"},
    {file = "lxml-4.9.1-cp38-cp38-manylinux_2_5_i686.manylinux1_i686.whl", hash = "sha256:5ef87fca280fb15342726bd5f980f6faf8b84a5287fcc2d4962ea8af88b35130"},
    {file = "lxml-4.9.1-cp38-cp38-manylinux_2_5_x86_64.manylinux1_x86_64.whl", hash = "sha256:93e414e3206779ef41e5ff2448067213febf260ba747fc65389a3ddaa3fb8715"},
    {file = "lxml-4.9.1-cp38-cp38-musllinux_1_1_aarch64.whl", hash = "sha256:6653071f4f9bac46fbc30f3c7838b0e9063ee335908c5d61fb7a4a86c8fd2036"},
    {file = "lxml-4.9.1-cp38-cp38-musllinux_1_1_x86_64.whl", hash = "sha256:32a73c53783becdb7eaf75a2a1525ea8e49379fb7248c3eeefb9412123536387"},
    {file = "lxml-4.9.1-cp38-cp38-win32.whl", hash = "sha256:1a7c59c6ffd6ef5db362b798f350e24ab2cfa5700d53ac6681918f314a4d3b94"},
    {file = "lxml-4.9.1-cp38-cp38-win_amd64.whl", hash = "sha256:1436cf0063bba7888e43f1ba8d58824f085410ea2025befe81150aceb123e345"},
    {file = "lxml-4.9.1-cp39-cp39-macosx_10_15_x86_64.whl", hash = "sha256:4beea0f31491bc086991b97517b9683e5cfb369205dac0148ef685ac12a20a67"},
    {file = "lxml-4.9.1-cp39-cp39-manylinux_2_12_i686.manylinux2010_i686.manylinux_2_24_i686.whl", hash = "sha256:41fb58868b816c202e8881fd0f179a4644ce6e7cbbb248ef0283a34b73ec73bb"},
    {file = "lxml-4.9.1-cp39-cp39-manylinux_2_17_aarch64.manylinux2014_aarch64.manylinux_2_24_aarch64.whl", hash = "sha256:bd34f6d1810d9354dc7e35158aa6cc33456be7706df4420819af6ed966e85448"},
    {file = "lxml-4.9.1-cp39-cp39-manylinux_2_17_x86_64.manylinux2014_x86_64.manylinux_2_24_x86_64.whl", hash = "sha256:edffbe3c510d8f4bf8640e02ca019e48a9b72357318383ca60e3330c23aaffc7"},
    {file = "lxml-4.9.1-cp39-cp39-manylinux_2_5_i686.manylinux1_i686.whl", hash = "sha256:6d949f53ad4fc7cf02c44d6678e7ff05ec5f5552b235b9e136bd52e9bf730b91"},
    {file = "lxml-4.9.1-cp39-cp39-manylinux_2_5_x86_64.manylinux1_x86_64.whl", hash = "sha256:079b68f197c796e42aa80b1f739f058dcee796dc725cc9a1be0cdb08fc45b000"},
    {file = "lxml-4.9.1-cp39-cp39-musllinux_1_1_aarch64.whl", hash = "sha256:9c3a88d20e4fe4a2a4a84bf439a5ac9c9aba400b85244c63a1ab7088f85d9d25"},
    {file = "lxml-4.9.1-cp39-cp39-musllinux_1_1_x86_64.whl", hash = "sha256:4e285b5f2bf321fc0857b491b5028c5f276ec0c873b985d58d7748ece1d770dd"},
    {file = "lxml-4.9.1-cp39-cp39-win32.whl", hash = "sha256:ef72013e20dd5ba86a8ae1aed7f56f31d3374189aa8b433e7b12ad182c0d2dfb"},
    {file = "lxml-4.9.1-cp39-cp39-win_amd64.whl", hash = "sha256:10d2017f9150248563bb579cd0d07c61c58da85c922b780060dcc9a3aa9f432d"},
    {file = "lxml-4.9.1-pp37-pypy37_pp73-macosx_10_15_x86_64.whl", hash = "sha256:0538747a9d7827ce3e16a8fdd201a99e661c7dee3c96c885d8ecba3c35d1032c"},
    {file = "lxml-4.9.1-pp37-pypy37_pp73-manylinux_2_12_i686.manylinux2010_i686.manylinux_2_24_i686.whl", hash = "sha256:0645e934e940107e2fdbe7c5b6fb8ec6232444260752598bc4d09511bd056c0b"},
    {file = "lxml-4.9.1-pp37-pypy37_pp73-manylinux_2_17_x86_64.manylinux2014_x86_64.manylinux_2_24_x86_64.whl", hash = "sha256:6daa662aba22ef3258934105be2dd9afa5bb45748f4f702a3b39a5bf53a1f4dc"},
    {file = "lxml-4.9.1-pp38-pypy38_pp73-macosx_10_15_x86_64.whl", hash = "sha256:603a464c2e67d8a546ddaa206d98e3246e5db05594b97db844c2f0a1af37cf5b"},
    {file = "lxml-4.9.1-pp38-pypy38_pp73-manylinux_2_12_i686.manylinux2010_i686.manylinux_2_24_i686.whl", hash = "sha256:c4b2e0559b68455c085fb0f6178e9752c4be3bba104d6e881eb5573b399d1eb2"},
    {file = "lxml-4.9.1-pp38-pypy38_pp73-manylinux_2_17_x86_64.manylinux2014_x86_64.manylinux_2_24_x86_64.whl", hash = "sha256:0f3f0059891d3254c7b5fb935330d6db38d6519ecd238ca4fce93c234b4a0f73"},
    {file = "lxml-4.9.1-pp39-pypy39_pp73-manylinux_2_12_i686.manylinux2010_i686.manylinux_2_24_i686.whl", hash = "sha256:c852b1530083a620cb0de5f3cd6826f19862bafeaf77586f1aef326e49d95f0c"},
    {file = "lxml-4.9.1-pp39-pypy39_pp73-manylinux_2_17_x86_64.manylinux2014_x86_64.manylinux_2_24_x86_64.whl", hash = "sha256:287605bede6bd36e930577c5925fcea17cb30453d96a7b4c63c14a257118dbb9"},
    {file = "lxml-4.9.1.tar.gz", hash = "sha256:fe749b052bb7233fe5d072fcb549221a8cb1a16725c47c37e42b0b9cb3ff2c3f"},
]
networkx = [
    {file = "networkx-2.8.4-py3-none-any.whl", hash = "sha256:6933b9b3174a0bdf03c911bb4a1ee43a86ce3edeb813e37e1d4c553b3f4a2c4f"},
    {file = "networkx-2.8.4.tar.gz", hash = "sha256:5e53f027c0d567cf1f884dbb283224df525644e43afd1145d64c9d88a3584762"},
]
pendulum = [
    {file = "pendulum-2.1.2-cp27-cp27m-macosx_10_15_x86_64.whl", hash = "sha256:b6c352f4bd32dff1ea7066bd31ad0f71f8d8100b9ff709fb343f3b86cee43efe"},
    {file = "pendulum-2.1.2-cp27-cp27m-win_amd64.whl", hash = "sha256:318f72f62e8e23cd6660dbafe1e346950281a9aed144b5c596b2ddabc1d19739"},
    {file = "pendulum-2.1.2-cp35-cp35m-macosx_10_15_x86_64.whl", hash = "sha256:0731f0c661a3cb779d398803655494893c9f581f6488048b3fb629c2342b5394"},
    {file = "pendulum-2.1.2-cp35-cp35m-manylinux1_i686.whl", hash = "sha256:3481fad1dc3f6f6738bd575a951d3c15d4b4ce7c82dce37cf8ac1483fde6e8b0"},
    {file = "pendulum-2.1.2-cp35-cp35m-manylinux1_x86_64.whl", hash = "sha256:9702069c694306297ed362ce7e3c1ef8404ac8ede39f9b28b7c1a7ad8c3959e3"},
    {file = "pendulum-2.1.2-cp35-cp35m-win_amd64.whl", hash = "sha256:fb53ffa0085002ddd43b6ca61a7b34f2d4d7c3ed66f931fe599e1a531b42af9b"},
    {file = "pendulum-2.1.2-cp36-cp36m-macosx_10_15_x86_64.whl", hash = "sha256:c501749fdd3d6f9e726086bf0cd4437281ed47e7bca132ddb522f86a1645d360"},
    {file = "pendulum-2.1.2-cp36-cp36m-manylinux1_i686.whl", hash = "sha256:c807a578a532eeb226150d5006f156632df2cc8c5693d778324b43ff8c515dd0"},
    {file = "pendulum-2.1.2-cp36-cp36m-manylinux1_x86_64.whl", hash = "sha256:2d1619a721df661e506eff8db8614016f0720ac171fe80dda1333ee44e684087"},
    {file = "pendulum-2.1.2-cp36-cp36m-win_amd64.whl", hash = "sha256:f888f2d2909a414680a29ae74d0592758f2b9fcdee3549887779cd4055e975db"},
    {file = "pendulum-2.1.2-cp37-cp37m-macosx_10_15_x86_64.whl", hash = "sha256:e95d329384717c7bf627bf27e204bc3b15c8238fa8d9d9781d93712776c14002"},
    {file = "pendulum-2.1.2-cp37-cp37m-manylinux1_i686.whl", hash = "sha256:4c9c689747f39d0d02a9f94fcee737b34a5773803a64a5fdb046ee9cac7442c5"},
    {file = "pendulum-2.1.2-cp37-cp37m-manylinux1_x86_64.whl", hash = "sha256:1245cd0075a3c6d889f581f6325dd8404aca5884dea7223a5566c38aab94642b"},
    {file = "pendulum-2.1.2-cp37-cp37m-win_amd64.whl", hash = "sha256:db0a40d8bcd27b4fb46676e8eb3c732c67a5a5e6bfab8927028224fbced0b40b"},
    {file = "pendulum-2.1.2-cp38-cp38-macosx_10_15_x86_64.whl", hash = "sha256:f5e236e7730cab1644e1b87aca3d2ff3e375a608542e90fe25685dae46310116"},
    {file = "pendulum-2.1.2-cp38-cp38-manylinux1_i686.whl", hash = "sha256:de42ea3e2943171a9e95141f2eecf972480636e8e484ccffaf1e833929e9e052"},
    {file = "pendulum-2.1.2-cp38-cp38-manylinux1_x86_64.whl", hash = "sha256:7c5ec650cb4bec4c63a89a0242cc8c3cebcec92fcfe937c417ba18277d8560be"},
    {file = "pendulum-2.1.2-cp38-cp38-win_amd64.whl", hash = "sha256:33fb61601083f3eb1d15edeb45274f73c63b3c44a8524703dc143f4212bf3269"},
    {file = "pendulum-2.1.2-cp39-cp39-manylinux1_i686.whl", hash = "sha256:29c40a6f2942376185728c9a0347d7c0f07905638c83007e1d262781f1e6953a"},
    {file = "pendulum-2.1.2-cp39-cp39-manylinux1_x86_64.whl", hash = "sha256:94b1fc947bfe38579b28e1cccb36f7e28a15e841f30384b5ad6c5e31055c85d7"},
    {file = "pendulum-2.1.2.tar.gz", hash = "sha256:b06a0ca1bfe41c990bbf0c029f0b6501a7f2ec4e38bfec730712015e8860f207"},
]
protobuf = [
    {file = "protobuf-4.21.2-cp310-abi3-win32.whl", hash = "sha256:d622dc75e289e8b3031dd8b4e87df508f11a6b3d86a49fb50256af7ce030d35b"},
    {file = "protobuf-4.21.2-cp310-abi3-win_amd64.whl", hash = "sha256:4758b9c22ad0486639a68cea58d38571f233019a73212d78476ec648f68a49a3"},
    {file = "protobuf-4.21.2-cp37-abi3-macosx_10_9_universal2.whl", hash = "sha256:e3d3df3292ab4bae85213b9ebef566b5aedb45f97425a92fac5b2e431d31e71c"},
    {file = "protobuf-4.21.2-cp37-abi3-manylinux2014_aarch64.whl", hash = "sha256:29eaf8e9db33bc3bae14576ad61370aa2b64ea5d6e6cd705042692e5e0404b10"},
    {file = "protobuf-4.21.2-cp37-abi3-manylinux2014_x86_64.whl", hash = "sha256:ef0768a609a02b2b412fa0f59f1242f1597e9bb15188d043f3fde09115ca6c69"},
    {file = "protobuf-4.21.2-cp37-cp37m-win32.whl", hash = "sha256:5f8c7488e74024fa12b46aab4258f707d7d6e94c8d322d7c45cc13770f66ab59"},
    {file = "protobuf-4.21.2-cp37-cp37m-win_amd64.whl", hash = "sha256:57a593e40257ab4f164fe6e171651b1386c98f8ec5f5a8643642889c50d4f3c4"},
    {file = "protobuf-4.21.2-cp38-cp38-win32.whl", hash = "sha256:b82ac05b0651a4d2b9d56f5aeef3d711f5858eb4b71c13d77553739e5930a74a"},
    {file = "protobuf-4.21.2-cp38-cp38-win_amd64.whl", hash = "sha256:f2f43ae8dff452aee3026b59ea0a09245ab2529a55a0984992e76bcf848610e1"},
    {file = "protobuf-4.21.2-cp39-cp39-win32.whl", hash = "sha256:7b2dcca25d88ec77358eed3d031c8260b5bf3023fff03a31c9584591c5910833"},
    {file = "protobuf-4.21.2-cp39-cp39-win_amd64.whl", hash = "sha256:095fda15fe04a79c9f0edab09b424be46dd057b15986d235b84c8cea91659df7"},
    {file = "protobuf-4.21.2-py2.py3-none-any.whl", hash = "sha256:9b42afb67e19010cdda057e439574ccd944902ea14b0d52ba0bfba2aad50858d"},
    {file = "protobuf-4.21.2-py3-none-any.whl", hash = "sha256:853708afc3a7eed4df28a8d4bd4812f829f8d736c104dd8d584ccff27969e311"},
    {file = "protobuf-4.21.2.tar.gz", hash = "sha256:863f65e137d9de4a76cac39ae731a19bea1c30997f512ecf0dc9348112313401"},
]
python-dateutil = [
    {file = "python-dateutil-2.8.2.tar.gz", hash = "sha256:0123cacc1627ae19ddf3c27a5de5bd67ee4586fbdd6440d9748f8abb483d3e86"},
    {file = "python_dateutil-2.8.2-py2.py3-none-any.whl", hash = "sha256:961d03dc3453ebbc59dbdea9e4e11c5651520a876d0f4db161e8674aae935da9"},
]
pytzdata = [
    {file = "pytzdata-2020.1-py2.py3-none-any.whl", hash = "sha256:e1e14750bcf95016381e4d472bad004eef710f2d6417240904070b3d6654485f"},
    {file = "pytzdata-2020.1.tar.gz", hash = "sha256:3efa13b335a00a8de1d345ae41ec78dd11c9f8807f522d39850f2dd828681540"},
]
requests = [
    {file = "requests-2.28.1-py3-none-any.whl", hash = "sha256:8fefa2a1a1365bf5520aac41836fbee479da67864514bdb821f31ce07ce65349"},
    {file = "requests-2.28.1.tar.gz", hash = "sha256:7c5599b102feddaa661c826c56ab4fee28bfd17f5abca1ebbe3e7f19d7c97983"},
]
six = [
    {file = "six-1.16.0-py2.py3-none-any.whl", hash = "sha256:8abb2f1d86890a2dfb989f9a77cfcfd3e47c2a354b01111771326f8aa26e0254"},
    {file = "six-1.16.0.tar.gz", hash = "sha256:1e61c37477a1626458e36f7b1d82aa5c9b094fa4802892072e49de9c60c4c926"},
]
typer = [
    {file = "typer-0.5.0-py3-none-any.whl", hash = "sha256:a34409c0029ba7e48cb9e4f54c6400bf4158a6145b5dea32788e7a36ebbcb312"},
    {file = "typer-0.5.0.tar.gz", hash = "sha256:4c285a5585c94d32c305444af934f0078b6a8ba91464f3f85807c91cd499d195"},
]
urllib3 = [
    {file = "urllib3-1.26.10-py2.py3-none-any.whl", hash = "sha256:8298d6d56d39be0e3bc13c1c97d133f9b45d797169a0e11cdd0e0489d786f7ec"},
    {file = "urllib3-1.26.10.tar.gz", hash = "sha256:879ba4d1e89654d9769ce13121e0f94310ea32e8d2f8cf587b77c08bbcdb30d6"},
]
